// !$*UTF8*$!
{
	archiveVersion = 1;
	classes = {
	};
	objectVersion = 55;
	objects = {

/* Begin PBXBuildFile section */
		89237E7F293EDC8F00F56432 /* CustomTableViewCell.swift in Sources */ = {isa = PBXBuildFile; fileRef = 89237E7E293EDC8F00F56432 /* CustomTableViewCell.swift */; };
		89237E81293EE64B00F56432 /* PetDetailModalVC.swift in Sources */ = {isa = PBXBuildFile; fileRef = 89237E80293EE64B00F56432 /* PetDetailModalVC.swift */; };
		89237E84293F6BAF00F56432 /* CustomNibTableViewCell.swift in Sources */ = {isa = PBXBuildFile; fileRef = 89237E82293F6BAF00F56432 /* CustomNibTableViewCell.swift */; };
		89237E85293F6BAF00F56432 /* CustomNibTableViewCell.xib in Resources */ = {isa = PBXBuildFile; fileRef = 89237E83293F6BAF00F56432 /* CustomNibTableViewCell.xib */; };
		8933C5D4293DDE04000B58D0 /* AppDelegate.swift in Sources */ = {isa = PBXBuildFile; fileRef = 8933C5D3293DDE04000B58D0 /* AppDelegate.swift */; };
		8933C5D6293DDE04000B58D0 /* SceneDelegate.swift in Sources */ = {isa = PBXBuildFile; fileRef = 8933C5D5293DDE04000B58D0 /* SceneDelegate.swift */; };
		8933C5D8293DDE04000B58D0 /* NewViewController.swift in Sources */ = {isa = PBXBuildFile; fileRef = 8933C5D7293DDE04000B58D0 /* NewViewController.swift */; };
		8933C5DB293DDE04000B58D0 /* Main.storyboard in Resources */ = {isa = PBXBuildFile; fileRef = 8933C5D9293DDE04000B58D0 /* Main.storyboard */; };
		8933C5DD293DDE04000B58D0 /* Assets.xcassets in Resources */ = {isa = PBXBuildFile; fileRef = 8933C5DC293DDE04000B58D0 /* Assets.xcassets */; };
		8933C5E0293DDE04000B58D0 /* LaunchScreen.storyboard in Resources */ = {isa = PBXBuildFile; fileRef = 8933C5DE293DDE04000B58D0 /* LaunchScreen.storyboard */; };
/* End PBXBuildFile section */

/* Begin PBXFileReference section */
		89237E7E293EDC8F00F56432 /* CustomTableViewCell.swift */ = {isa = PBXFileReference; lastKnownFileType = sourcecode.swift; path = CustomTableViewCell.swift; sourceTree = "<group>"; };
		89237E80293EE64B00F56432 /* PetDetailModalVC.swift */ = {isa = PBXFileReference; lastKnownFileType = sourcecode.swift; path = PetDetailModalVC.swift; sourceTree = "<group>"; };
		89237E82293F6BAF00F56432 /* CustomNibTableViewCell.swift */ = {isa = PBXFileReference; lastKnownFileType = sourcecode.swift; path = CustomNibTableViewCell.swift; sourceTree = "<group>"; };
		89237E83293F6BAF00F56432 /* CustomNibTableViewCell.xib */ = {isa = PBXFileReference; lastKnownFileType = file.xib; path = CustomNibTableViewCell.xib; sourceTree = "<group>"; };
		8933C5D0293DDE04000B58D0 /* Md Asif Nawaz_30018.app */ = {isa = PBXFileReference; explicitFileType = wrapper.application; includeInIndex = 0; path = "Md Asif Nawaz_30018.app"; sourceTree = BUILT_PRODUCTS_DIR; };
		8933C5D3293DDE04000B58D0 /* AppDelegate.swift */ = {isa = PBXFileReference; lastKnownFileType = sourcecode.swift; path = AppDelegate.swift; sourceTree = "<group>"; };
		8933C5D5293DDE04000B58D0 /* SceneDelegate.swift */ = {isa = PBXFileReference; lastKnownFileType = sourcecode.swift; path = SceneDelegate.swift; sourceTree = "<group>"; };
		8933C5D7293DDE04000B58D0 /* NewViewController.swift */ = {isa = PBXFileReference; lastKnownFileType = sourcecode.swift; path = NewViewController.swift; sourceTree = "<group>"; };
		8933C5DA293DDE04000B58D0 /* Base */ = {isa = PBXFileReference; lastKnownFileType = file.storyboard; name = Base; path = Base.lproj/Main.storyboard; sourceTree = "<group>"; };
		8933C5DC293DDE04000B58D0 /* Assets.xcassets */ = {isa = PBXFileReference; lastKnownFileType = folder.assetcatalog; path = Assets.xcassets; sourceTree = "<group>"; };
		8933C5DF293DDE04000B58D0 /* Base */ = {isa = PBXFileReference; lastKnownFileType = file.storyboard; name = Base; path = Base.lproj/LaunchScreen.storyboard; sourceTree = "<group>"; };
		8933C5E1293DDE04000B58D0 /* Info.plist */ = {isa = PBXFileReference; lastKnownFileType = text.plist.xml; path = Info.plist; sourceTree = "<group>"; };
/* End PBXFileReference section */

/* Begin PBXFrameworksBuildPhase section */
		8933C5CD293DDE04000B58D0 /* Frameworks */ = {
			isa = PBXFrameworksBuildPhase;
			buildActionMask = 2147483647;
			files = (
			);
			runOnlyForDeploymentPostprocessing = 0;
		};
/* End PBXFrameworksBuildPhase section */

/* Begin PBXGroup section */
		8933C5C7293DDE04000B58D0 = {
			isa = PBXGroup;
			children = (
				8933C5D2293DDE04000B58D0 /* Md Asif Nawaz_30018 */,
				8933C5D1293DDE04000B58D0 /* Products */,
			);
			sourceTree = "<group>";
		};
		8933C5D1293DDE04000B58D0 /* Products */ = {
			isa = PBXGroup;
			children = (
				8933C5D0293DDE04000B58D0 /* Md Asif Nawaz_30018.app */,
			);
			name = Products;
			sourceTree = "<group>";
		};
		8933C5D2293DDE04000B58D0 /* Md Asif Nawaz_30018 */ = {
			isa = PBXGroup;
			children = (
				8933C5D3293DDE04000B58D0 /* AppDelegate.swift */,
				8933C5D5293DDE04000B58D0 /* SceneDelegate.swift */,
				8933C5D7293DDE04000B58D0 /* NewViewController.swift */,
				8933C5D9293DDE04000B58D0 /* Main.storyboard */,
				8933C5DC293DDE04000B58D0 /* Assets.xcassets */,
				8933C5DE293DDE04000B58D0 /* LaunchScreen.storyboard */,
				8933C5E1293DDE04000B58D0 /* Info.plist */,
				89237E7E293EDC8F00F56432 /* CustomTableViewCell.swift */,
				89237E80293EE64B00F56432 /* PetDetailModalVC.swift */,
				89237E82293F6BAF00F56432 /* CustomNibTableViewCell.swift */,
				89237E83293F6BAF00F56432 /* CustomNibTableViewCell.xib */,
			);
			path = "Md Asif Nawaz_30018";
			sourceTree = "<group>";
		};
/* End PBXGroup section */

/* Begin PBXNativeTarget section */
		8933C5CF293DDE04000B58D0 /* Md Asif Nawaz_30018 */ = {
			isa = PBXNativeTarget;
			buildConfigurationList = 8933C5E4293DDE04000B58D0 /* Build configuration list for PBXNativeTarget "Md Asif Nawaz_30018" */;
			buildPhases = (
				8933C5CC293DDE04000B58D0 /* Sources */,
				8933C5CD293DDE04000B58D0 /* Frameworks */,
				8933C5CE293DDE04000B58D0 /* Resources */,
			);
			buildRules = (
			);
			dependencies = (
			);
			name = "Md Asif Nawaz_30018";
			productName = "Md Asif Nawaz_30018";
			productReference = 8933C5D0293DDE04000B58D0 /* Md Asif Nawaz_30018.app */;
			productType = "com.apple.product-type.application";
		};
/* End PBXNativeTarget section */

/* Begin PBXProject section */
		8933C5C8293DDE04000B58D0 /* Project object */ = {
			isa = PBXProject;
			attributes = {
				BuildIndependentTargetsInParallel = 1;
				LastSwiftUpdateCheck = 1340;
				LastUpgradeCheck = 1340;
				TargetAttributes = {
					8933C5CF293DDE04000B58D0 = {
						CreatedOnToolsVersion = 13.4;
					};
				};
			};
			buildConfigurationList = 8933C5CB293DDE04000B58D0 /* Build configuration list for PBXProject "Md Asif Nawaz_30018" */;
			compatibilityVersion = "Xcode 13.0";
			developmentRegion = en;
			hasScannedForEncodings = 0;
			knownRegions = (
				en,
				Base,
			);
			mainGroup = 8933C5C7293DDE04000B58D0;
			productRefGroup = 8933C5D1293DDE04000B58D0 /* Products */;
			projectDirPath = "";
			projectRoot = "";
			targets = (
				8933C5CF293DDE04000B58D0 /* Md Asif Nawaz_30018 */,
			);
		};
/* End PBXProject section */

/* Begin PBXResourcesBuildPhase section */
		8933C5CE293DDE04000B58D0 /* Resources */ = {
			isa = PBXResourcesBuildPhase;
			buildActionMask = 2147483647;
			files = (
				8933C5E0293DDE04000B58D0 /* LaunchScreen.storyboard in Resources */,
				8933C5DD293DDE04000B58D0 /* Assets.xcassets in Resources */,
				89237E85293F6BAF00F56432 /* CustomNibTableViewCell.xib in Resources */,
				8933C5DB293DDE04000B58D0 /* Main.storyboard in Resources */,
			);
			runOnlyForDeploymentPostprocessing = 0;
		};
/* End PBXResourcesBuildPhase section */

/* Begin PBXSourcesBuildPhase section */
		8933C5CC293DDE04000B58D0 /* Sources */ = {
			isa = PBXSourcesBuildPhase;
			buildActionMask = 2147483647;
			files = (
				89237E84293F6BAF00F56432 /* CustomNibTableViewCell.swift in Sources */,
				8933C5D8293DDE04000B58D0 /* NewViewController.swift in Sources */,
				89237E81293EE64B00F56432 /* PetDetailModalVC.swift in Sources */,
				8933C5D4293DDE04000B58D0 /* AppDelegate.swift in Sources */,
				89237E7F293EDC8F00F56432 /* CustomTableViewCell.swift in Sources */,
				8933C5D6293DDE04000B58D0 /* SceneDelegate.swift in Sources */,
			);
			runOnlyForDeploymentPostprocessing = 0;
		};
/* End PBXSourcesBuildPhase section */

/* Begin PBXVariantGroup section */
		8933C5D9293DDE04000B58D0 /* Main.storyboard */ = {
			isa = PBXVariantGroup;
			children = (
				8933C5DA293DDE04000B58D0 /* Base */,
			);
			name = Main.storyboard;
			sourceTree = "<group>";
		};
		8933C5DE293DDE04000B58D0 /* LaunchScreen.storyboard */ = {
			isa = PBXVariantGroup;
			children = (
				8933C5DF293DDE04000B58D0 /* Base */,
			);
			name = LaunchScreen.storyboard;
			sourceTree = "<group>";
		};
/* End PBXVariantGroup section */

/* Begin XCBuildConfiguration section */
		8933C5E2293DDE04000B58D0 /* Debug */ = {
			isa = XCBuildConfiguration;
			buildSettings = {
				ALWAYS_SEARCH_USER_PATHS = NO;
				CLANG_ANALYZER_NONNULL = YES;
				CLANG_ANALYZER_NUMBER_OBJECT_CONVERSION = YES_AGGRESSIVE;
				CLANG_CXX_LANGUAGE_STANDARD = "gnu++17";
				CLANG_ENABLE_MODULES = YES;
				CLANG_ENABLE_OBJC_ARC = YES;
				CLANG_ENABLE_OBJC_WEAK = YES;
				CLANG_WARN_BLOCK_CAPTURE_AUTORELEASING = YES;
				CLANG_WARN_BOOL_CONVERSION = YES;
				CLANG_WARN_COMMA = YES;
				CLANG_WARN_CONSTANT_CONVERSION = YES;
				CLANG_WARN_DEPRECATED_OBJC_IMPLEMENTATIONS = YES;
				CLANG_WARN_DIRECT_OBJC_ISA_USAGE = YES_ERROR;
				CLANG_WARN_DOCUMENTATION_COMMENTS = YES;
				CLANG_WARN_EMPTY_BODY = YES;
				CLANG_WARN_ENUM_CONVERSION = YES;
				CLANG_WARN_INFINITE_RECURSION = YES;
				CLANG_WARN_INT_CONVERSION = YES;
				CLANG_WARN_NON_LITERAL_NULL_CONVERSION = YES;
				CLANG_WARN_OBJC_IMPLICIT_RETAIN_SELF = YES;
				CLANG_WARN_OBJC_LITERAL_CONVERSION = YES;
				CLANG_WARN_OBJC_ROOT_CLASS = YES_ERROR;
				CLANG_WARN_QUOTED_INCLUDE_IN_FRAMEWORK_HEADER = YES;
				CLANG_WARN_RANGE_LOOP_ANALYSIS = YES;
				CLANG_WARN_STRICT_PROTOTYPES = YES;
				CLANG_WARN_SUSPICIOUS_MOVE = YES;
				CLANG_WARN_UNGUARDED_AVAILABILITY = YES_AGGRESSIVE;
				CLANG_WARN_UNREACHABLE_CODE = YES;
				CLANG_WARN__DUPLICATE_METHOD_MATCH = YES;
				COPY_PHASE_STRIP = NO;
				DEBUG_INFORMATION_FORMAT = dwarf;
				ENABLE_STRICT_OBJC_MSGSEND = YES;
				ENABLE_TESTABILITY = YES;
				GCC_C_LANGUAGE_STANDARD = gnu11;
				GCC_DYNAMIC_NO_PIC = NO;
				GCC_NO_COMMON_BLOCKS = YES;
				GCC_OPTIMIZATION_LEVEL = 0;
				GCC_PREPROCESSOR_DEFINITIONS = (
					"DEBUG=1",
					"$(inherited)",
				);
				GCC_WARN_64_TO_32_BIT_CONVERSION = YES;
				GCC_WARN_ABOUT_RETURN_TYPE = YES_ERROR;
				GCC_WARN_UNDECLARED_SELECTOR = YES;
				GCC_WARN_UNINITIALIZED_AUTOS = YES_AGGRESSIVE;
				GCC_WARN_UNUSED_FUNCTION = YES;
				GCC_WARN_UNUSED_VARIABLE = YES;
				IPHONEOS_DEPLOYMENT_TARGET = 15.5;
				MTL_ENABLE_DEBUG_INFO = INCLUDE_SOURCE;
				MTL_FAST_MATH = YES;
				ONLY_ACTIVE_ARCH = YES;
				SDKROOT = iphoneos;
				SWIFT_ACTIVE_COMPILATION_CONDITIONS = DEBUG;
				SWIFT_OPTIMIZATION_LEVEL = "-Onone";
			};
			name = Debug;
		};
		8933C5E3293DDE04000B58D0 /* Release */ = {
			isa = XCBuildConfiguration;
			buildSettings = {
				ALWAYS_SEARCH_USER_PATHS = NO;
				CLANG_ANALYZER_NONNULL = YES;
				CLANG_ANALYZER_NUMBER_OBJECT_CONVERSION = YES_AGGRESSIVE;
				CLANG_CXX_LANGUAGE_STANDARD = "gnu++17";
				CLANG_ENABLE_MODULES = YES;
				CLANG_ENABLE_OBJC_ARC = YES;
				CLANG_ENABLE_OBJC_WEAK = YES;
				CLANG_WARN_BLOCK_CAPTURE_AUTORELEASING = YES;
				CLANG_WARN_BOOL_CONVERSION = YES;
				CLANG_WARN_COMMA = YES;
				CLANG_WARN_CONSTANT_CONVERSION = YES;
				CLANG_WARN_DEPRECATED_OBJC_IMPLEMENTATIONS = YES;
				CLANG_WARN_DIRECT_OBJC_ISA_USAGE = YES_ERROR;
				CLANG_WARN_DOCUMENTATION_COMMENTS = YES;
				CLANG_WARN_EMPTY_BODY = YES;
				CLANG_WARN_ENUM_CONVERSION = YES;
				CLANG_WARN_INFINITE_RECURSION = YES;
				CLANG_WARN_INT_CONVERSION = YES;
				CLANG_WARN_NON_LITERAL_NULL_CONVERSION = YES;
				CLANG_WARN_OBJC_IMPLICIT_RETAIN_SELF = YES;
				CLANG_WARN_OBJC_LITERAL_CONVERSION = YES;
				CLANG_WARN_OBJC_ROOT_CLASS = YES_ERROR;
				CLANG_WARN_QUOTED_INCLUDE_IN_FRAMEWORK_HEADER = YES;
				CLANG_WARN_RANGE_LOOP_ANALYSIS = YES;
				CLANG_WARN_STRICT_PROTOTYPES = YES;
				CLANG_WARN_SUSPICIOUS_MOVE = YES;
				CLANG_WARN_UNGUARDED_AVAILABILITY = YES_AGGRESSIVE;
				CLANG_WARN_UNREACHABLE_CODE = YES;
				CLANG_WARN__DUPLICATE_METHOD_MATCH = YES;
				COPY_PHASE_STRIP = NO;
				DEBUG_INFORMATION_FORMAT = "dwarf-with-dsym";
				ENABLE_NS_ASSERTIONS = NO;
				ENABLE_STRICT_OBJC_MSGSEND = YES;
				GCC_C_LANGUAGE_STANDARD = gnu11;
				GCC_NO_COMMON_BLOCKS = YES;
				GCC_WARN_64_TO_32_BIT_CONVERSION = YES;
				GCC_WARN_ABOUT_RETURN_TYPE = YES_ERROR;
				GCC_WARN_UNDECLARED_SELECTOR = YES;
				GCC_WARN_UNINITIALIZED_AUTOS = YES_AGGRESSIVE;
				GCC_WARN_UNUSED_FUNCTION = YES;
				GCC_WARN_UNUSED_VARIABLE = YES;
				IPHONEOS_DEPLOYMENT_TARGET = 15.5;
				MTL_ENABLE_DEBUG_INFO = NO;
				MTL_FAST_MATH = YES;
				SDKROOT = iphoneos;
				SWIFT_COMPILATION_MODE = wholemodule;
				SWIFT_OPTIMIZATION_LEVEL = "-O";
				VALIDATE_PRODUCT = YES;
			};
			name = Release;
		};
		8933C5E5293DDE04000B58D0 /* Debug */ = {
			isa = XCBuildConfiguration;
			buildSettings = {
				ASSETCATALOG_COMPILER_APPICON_NAME = AppIcon;
				ASSETCATALOG_COMPILER_GLOBAL_ACCENT_COLOR_NAME = AccentColor;
				CODE_SIGN_STYLE = Automatic;
				CURRENT_PROJECT_VERSION = 1;
				GENERATE_INFOPLIST_FILE = YES;
				INFOPLIST_FILE = "Md Asif Nawaz_30018/Info.plist";
				INFOPLIST_KEY_UIApplicationSupportsIndirectInputEvents = YES;
				INFOPLIST_KEY_UILaunchStoryboardName = LaunchScreen;
				INFOPLIST_KEY_UIMainStoryboardFile = Main;
				INFOPLIST_KEY_UISupportedInterfaceOrientations_iPad = "UIInterfaceOrientationPortrait UIInterfaceOrientationPortraitUpsideDown UIInterfaceOrientationLandscapeLeft UIInterfaceOrientationLandscapeRight";
				INFOPLIST_KEY_UISupportedInterfaceOrientations_iPhone = "UIInterfaceOrientationPortrait UIInterfaceOrientationLandscapeLeft UIInterfaceOrientationLandscapeRight";
				LD_RUNPATH_SEARCH_PATHS = (
					"$(inherited)",
					"@executable_path/Frameworks",
				);
				MARKETING_VERSION = 1.0;
				PRODUCT_BUNDLE_IDENTIFIER = "com.new.demo.Md-Asif-Nawaz-30018";
				PRODUCT_NAME = "$(TARGET_NAME)";
				SWIFT_EMIT_LOC_STRINGS = YES;
				SWIFT_VERSION = 5.0;
				TARGETED_DEVICE_FAMILY = "1,2";
			};
			name = Debug;
		};
		8933C5E6293DDE04000B58D0 /* Release */ = {
			isa = XCBuildConfiguration;
			buildSettings = {
				ASSETCATALOG_COMPILER_APPICON_NAME = AppIcon;
				ASSETCATALOG_COMPILER_GLOBAL_ACCENT_COLOR_NAME = AccentColor;
				CODE_SIGN_STYLE = Automatic;
				CURRENT_PROJECT_VERSION = 1;
				GENERATE_INFOPLIST_FILE = YES;
				INFOPLIST_FILE = "Md Asif Nawaz_30018/Info.plist";
				INFOPLIST_KEY_UIApplicationSupportsIndirectInputEvents = YES;
				INFOPLIST_KEY_UILaunchStoryboardName = LaunchScreen;
				INFOPLIST_KEY_UIMainStoryboardFile = Main;
				INFOPLIST_KEY_UISupportedInterfaceOrientations_iPad = "UIInterfaceOrientationPortrait UIInterfaceOrientationPortraitUpsideDown UIInterfaceOrientationLandscapeLeft UIInterfaceOrientationLandscapeRight";
				INFOPLIST_KEY_UISupportedInterfaceOrientations_iPhone = "UIInterfaceOrientationPortrait UIInterfaceOrientationLandscapeLeft UIInterfaceOrientationLandscapeRight";
				LD_RUNPATH_SEARCH_PATHS = (
					"$(inherited)",
					"@executable_path/Frameworks",
				);
				MARKETING_VERSION = 1.0;
				PRODUCT_BUNDLE_IDENTIFIER = "com.new.demo.Md-Asif-Nawaz-30018";
				PRODUCT_NAME = "$(TARGET_NAME)";
				SWIFT_EMIT_LOC_STRINGS = YES;
				SWIFT_VERSION = 5.0;
				TARGETED_DEVICE_FAMILY = "1,2";
			};
			name = Release;
		};
/* End XCBuildConfiguration section */

/* Begin XCConfigurationList section */
		8933C5CB293DDE04000B58D0 /* Build configuration list for PBXProject "Md Asif Nawaz_30018" */ = {
			isa = XCConfigurationList;
			buildConfigurations = (
				8933C5E2293DDE04000B58D0 /* Debug */,
				8933C5E3293DDE04000B58D0 /* Release */,
			);
			defaultConfigurationIsVisible = 0;
			defaultConfigurationName = Release;
		};
		8933C5E4293DDE04000B58D0 /* Build configuration list for PBXNativeTarget "Md Asif Nawaz_30018" */ = {
			isa = XCConfigurationList;
			buildConfigurations = (
				8933C5E5293DDE04000B58D0 /* Debug */,
				8933C5E6293DDE04000B58D0 /* Release */,
			);
			defaultConfigurationIsVisible = 0;
			defaultConfigurationName = Release;
		};
/* End XCConfigurationList section */
	};
	rootObject = 8933C5C8293DDE04000B58D0 /* Project object */;
}
