// !$*UTF8*$!
{
	archiveVersion = 1;
	classes = {
	};
	objectVersion = 55;
	objects = {

/* Begin PBXBuildFile section */
		8989CFE72946D107008F40B3 /* CustomCollectionViewCell.swift in Sources */ = {isa = PBXBuildFile; fileRef = 8989CFE52946D107008F40B3 /* CustomCollectionViewCell.swift */; };
		8989CFE82946D107008F40B3 /* CustomCollectionViewCell.xib in Resources */ = {isa = PBXBuildFile; fileRef = 8989CFE62946D107008F40B3 /* CustomCollectionViewCell.xib */; };
		8989CFEA29471471008F40B3 /* GalleryCollectionViewController.swift in Sources */ = {isa = PBXBuildFile; fileRef = 8989CFE929471471008F40B3 /* GalleryCollectionViewController.swift */; };
		8989CFEC29471F68008F40B3 /* DbModel.swift in Sources */ = {isa = PBXBuildFile; fileRef = 8989CFEB29471F68008F40B3 /* DbModel.swift */; };
		8989CFEF29473B65008F40B3 /* GalleryCollectionReusableView.swift in Sources */ = {isa = PBXBuildFile; fileRef = 8989CFED29473B65008F40B3 /* GalleryCollectionReusableView.swift */; };
		8989CFF029473B65008F40B3 /* GalleryCollectionReusableView.xib in Resources */ = {isa = PBXBuildFile; fileRef = 8989CFEE29473B65008F40B3 /* GalleryCollectionReusableView.xib */; };
		899532102948828A00449198 /* GalleryTableViewCollectionViewVC.swift in Sources */ = {isa = PBXBuildFile; fileRef = 8995320F2948828A00449198 /* GalleryTableViewCollectionViewVC.swift */; };
		89953212294886A500449198 /* NestedCollectionTableViewCell.swift in Sources */ = {isa = PBXBuildFile; fileRef = 89953211294886A500449198 /* NestedCollectionTableViewCell.swift */; };
		899532142948969A00449198 /* NestedCollectionViewCell.swift in Sources */ = {isa = PBXBuildFile; fileRef = 899532132948969A00449198 /* NestedCollectionViewCell.swift */; };
		89D4582E294325F7005CC0D7 /* AppDelegate.swift in Sources */ = {isa = PBXBuildFile; fileRef = 89D4582D294325F7005CC0D7 /* AppDelegate.swift */; };
		89D45830294325F7005CC0D7 /* SceneDelegate.swift in Sources */ = {isa = PBXBuildFile; fileRef = 89D4582F294325F7005CC0D7 /* SceneDelegate.swift */; };
		89D45832294325F7005CC0D7 /* ViewController.swift in Sources */ = {isa = PBXBuildFile; fileRef = 89D45831294325F7005CC0D7 /* ViewController.swift */; };
		89D45835294325F7005CC0D7 /* Main.storyboard in Resources */ = {isa = PBXBuildFile; fileRef = 89D45833294325F7005CC0D7 /* Main.storyboard */; };
		89D45837294325F8005CC0D7 /* Assets.xcassets in Resources */ = {isa = PBXBuildFile; fileRef = 89D45836294325F8005CC0D7 /* Assets.xcassets */; };
		89D4583A294325F8005CC0D7 /* LaunchScreen.storyboard in Resources */ = {isa = PBXBuildFile; fileRef = 89D45838294325F8005CC0D7 /* LaunchScreen.storyboard */; };
/* End PBXBuildFile section */

/* Begin PBXFileReference section */
		8989CFE52946D107008F40B3 /* CustomCollectionViewCell.swift */ = {isa = PBXFileReference; lastKnownFileType = sourcecode.swift; path = CustomCollectionViewCell.swift; sourceTree = "<group>"; };
		8989CFE62946D107008F40B3 /* CustomCollectionViewCell.xib */ = {isa = PBXFileReference; lastKnownFileType = file.xib; path = CustomCollectionViewCell.xib; sourceTree = "<group>"; };
		8989CFE929471471008F40B3 /* GalleryCollectionViewController.swift */ = {isa = PBXFileReference; lastKnownFileType = sourcecode.swift; path = GalleryCollectionViewController.swift; sourceTree = "<group>"; };
		8989CFEB29471F68008F40B3 /* DbModel.swift */ = {isa = PBXFileReference; lastKnownFileType = sourcecode.swift; path = DbModel.swift; sourceTree = "<group>"; };
		8989CFED29473B65008F40B3 /* GalleryCollectionReusableView.swift */ = {isa = PBXFileReference; lastKnownFileType = sourcecode.swift; path = GalleryCollectionReusableView.swift; sourceTree = "<group>"; };
		8989CFEE29473B65008F40B3 /* GalleryCollectionReusableView.xib */ = {isa = PBXFileReference; lastKnownFileType = file.xib; path = GalleryCollectionReusableView.xib; sourceTree = "<group>"; };
		8995320F2948828A00449198 /* GalleryTableViewCollectionViewVC.swift */ = {isa = PBXFileReference; lastKnownFileType = sourcecode.swift; path = GalleryTableViewCollectionViewVC.swift; sourceTree = "<group>"; };
		89953211294886A500449198 /* NestedCollectionTableViewCell.swift */ = {isa = PBXFileReference; lastKnownFileType = sourcecode.swift; path = NestedCollectionTableViewCell.swift; sourceTree = "<group>"; };
		899532132948969A00449198 /* NestedCollectionViewCell.swift */ = {isa = PBXFileReference; lastKnownFileType = sourcecode.swift; path = NestedCollectionViewCell.swift; sourceTree = "<group>"; };
		89D4582A294325F7005CC0D7 /* Md Asif Nawaz_30018.app */ = {isa = PBXFileReference; explicitFileType = wrapper.application; includeInIndex = 0; path = "Md Asif Nawaz_30018.app"; sourceTree = BUILT_PRODUCTS_DIR; };
		89D4582D294325F7005CC0D7 /* AppDelegate.swift */ = {isa = PBXFileReference; lastKnownFileType = sourcecode.swift; path = AppDelegate.swift; sourceTree = "<group>"; };
		89D4582F294325F7005CC0D7 /* SceneDelegate.swift */ = {isa = PBXFileReference; lastKnownFileType = sourcecode.swift; path = SceneDelegate.swift; sourceTree = "<group>"; };
		89D45831294325F7005CC0D7 /* ViewController.swift */ = {isa = PBXFileReference; lastKnownFileType = sourcecode.swift; path = ViewController.swift; sourceTree = "<group>"; };
		89D45834294325F7005CC0D7 /* Base */ = {isa = PBXFileReference; lastKnownFileType = file.storyboard; name = Base; path = Base.lproj/Main.storyboard; sourceTree = "<group>"; };
		89D45836294325F8005CC0D7 /* Assets.xcassets */ = {isa = PBXFileReference; lastKnownFileType = folder.assetcatalog; path = Assets.xcassets; sourceTree = "<group>"; };
		89D45839294325F8005CC0D7 /* Base */ = {isa = PBXFileReference; lastKnownFileType = file.storyboard; name = Base; path = Base.lproj/LaunchScreen.storyboard; sourceTree = "<group>"; };
		89D4583B294325F8005CC0D7 /* Info.plist */ = {isa = PBXFileReference; lastKnownFileType = text.plist.xml; path = Info.plist; sourceTree = "<group>"; };
/* End PBXFileReference section */

/* Begin PBXFrameworksBuildPhase section */
		89D45827294325F7005CC0D7 /* Frameworks */ = {
			isa = PBXFrameworksBuildPhase;
			buildActionMask = 2147483647;
			files = (
			);
			runOnlyForDeploymentPostprocessing = 0;
		};
/* End PBXFrameworksBuildPhase section */

/* Begin PBXGroup section */
		89D45821294325F7005CC0D7 = {
			isa = PBXGroup;
			children = (
				89D4582C294325F7005CC0D7 /* Md Asif Nawaz_30018 */,
				89D4582B294325F7005CC0D7 /* Products */,
			);
			sourceTree = "<group>";
		};
		89D4582B294325F7005CC0D7 /* Products */ = {
			isa = PBXGroup;
			children = (
				89D4582A294325F7005CC0D7 /* Md Asif Nawaz_30018.app */,
			);
			name = Products;
			sourceTree = "<group>";
		};
		89D4582C294325F7005CC0D7 /* Md Asif Nawaz_30018 */ = {
			isa = PBXGroup;
			children = (
				89D4582D294325F7005CC0D7 /* AppDelegate.swift */,
				89D4582F294325F7005CC0D7 /* SceneDelegate.swift */,
				89D45831294325F7005CC0D7 /* ViewController.swift */,
				89D45833294325F7005CC0D7 /* Main.storyboard */,
				89D45836294325F8005CC0D7 /* Assets.xcassets */,
				89D45838294325F8005CC0D7 /* LaunchScreen.storyboard */,
				89D4583B294325F8005CC0D7 /* Info.plist */,
				8989CFE52946D107008F40B3 /* CustomCollectionViewCell.swift */,
				8989CFE62946D107008F40B3 /* CustomCollectionViewCell.xib */,
				8989CFE929471471008F40B3 /* GalleryCollectionViewController.swift */,
				8989CFEB29471F68008F40B3 /* DbModel.swift */,
				8989CFED29473B65008F40B3 /* GalleryCollectionReusableView.swift */,
				8989CFEE29473B65008F40B3 /* GalleryCollectionReusableView.xib */,
				8995320F2948828A00449198 /* GalleryTableViewCollectionViewVC.swift */,
				89953211294886A500449198 /* NestedCollectionTableViewCell.swift */,
				899532132948969A00449198 /* NestedCollectionViewCell.swift */,
			);
			path = "Md Asif Nawaz_30018";
			sourceTree = "<group>";
		};
/* End PBXGroup section */

/* Begin PBXNativeTarget section */
		89D45829294325F7005CC0D7 /* Md Asif Nawaz_30018 */ = {
			isa = PBXNativeTarget;
			buildConfigurationList = 89D4583E294325F8005CC0D7 /* Build configuration list for PBXNativeTarget "Md Asif Nawaz_30018" */;
			buildPhases = (
				89D45826294325F7005CC0D7 /* Sources */,
				89D45827294325F7005CC0D7 /* Frameworks */,
				89D45828294325F7005CC0D7 /* Resources */,
			);
			buildRules = (
			);
			dependencies = (
			);
			name = "Md Asif Nawaz_30018";
			productName = "Md Asif Nawaz_30018";
			productReference = 89D4582A294325F7005CC0D7 /* Md Asif Nawaz_30018.app */;
			productType = "com.apple.product-type.application";
		};
/* End PBXNativeTarget section */

/* Begin PBXProject section */
		89D45822294325F7005CC0D7 /* Project object */ = {
			isa = PBXProject;
			attributes = {
				BuildIndependentTargetsInParallel = 1;
				LastSwiftUpdateCheck = 1340;
				LastUpgradeCheck = 1340;
				TargetAttributes = {
					89D45829294325F7005CC0D7 = {
						CreatedOnToolsVersion = 13.4;
					};
				};
			};
			buildConfigurationList = 89D45825294325F7005CC0D7 /* Build configuration list for PBXProject "Md Asif Nawaz_30018" */;
			compatibilityVersion = "Xcode 13.0";
			developmentRegion = en;
			hasScannedForEncodings = 0;
			knownRegions = (
				en,
				Base,
			);
			mainGroup = 89D45821294325F7005CC0D7;
			productRefGroup = 89D4582B294325F7005CC0D7 /* Products */;
			projectDirPath = "";
			projectRoot = "";
			targets = (
				89D45829294325F7005CC0D7 /* Md Asif Nawaz_30018 */,
			);
		};
/* End PBXProject section */

/* Begin PBXResourcesBuildPhase section */
		89D45828294325F7005CC0D7 /* Resources */ = {
			isa = PBXResourcesBuildPhase;
			buildActionMask = 2147483647;
			files = (
				89D4583A294325F8005CC0D7 /* LaunchScreen.storyboard in Resources */,
				89D45837294325F8005CC0D7 /* Assets.xcassets in Resources */,
				89D45835294325F7005CC0D7 /* Main.storyboard in Resources */,
				8989CFE82946D107008F40B3 /* CustomCollectionViewCell.xib in Resources */,
				8989CFF029473B65008F40B3 /* GalleryCollectionReusableView.xib in Resources */,
			);
			runOnlyForDeploymentPostprocessing = 0;
		};
/* End PBXResourcesBuildPhase section */

/* Begin PBXSourcesBuildPhase section */
		89D45826294325F7005CC0D7 /* Sources */ = {
			isa = PBXSourcesBuildPhase;
			buildActionMask = 2147483647;
			files = (
				8989CFEF29473B65008F40B3 /* GalleryCollectionReusableView.swift in Sources */,
				8989CFEA29471471008F40B3 /* GalleryCollectionViewController.swift in Sources */,
				89D45832294325F7005CC0D7 /* ViewController.swift in Sources */,
				89D4582E294325F7005CC0D7 /* AppDelegate.swift in Sources */,
				899532102948828A00449198 /* GalleryTableViewCollectionViewVC.swift in Sources */,
				89D45830294325F7005CC0D7 /* SceneDelegate.swift in Sources */,
				8989CFE72946D107008F40B3 /* CustomCollectionViewCell.swift in Sources */,
				899532142948969A00449198 /* NestedCollectionViewCell.swift in Sources */,
				8989CFEC29471F68008F40B3 /* DbModel.swift in Sources */,
				89953212294886A500449198 /* NestedCollectionTableViewCell.swift in Sources */,
			);
			runOnlyForDeploymentPostprocessing = 0;
		};
/* End PBXSourcesBuildPhase section */

/* Begin PBXVariantGroup section */
		89D45833294325F7005CC0D7 /* Main.storyboard */ = {
			isa = PBXVariantGroup;
			children = (
				89D45834294325F7005CC0D7 /* Base */,
			);
			name = Main.storyboard;
			sourceTree = "<group>";
		};
		89D45838294325F8005CC0D7 /* LaunchScreen.storyboard */ = {
			isa = PBXVariantGroup;
			children = (
				89D45839294325F8005CC0D7 /* Base */,
			);
			name = LaunchScreen.storyboard;
			sourceTree = "<group>";
		};
/* End PBXVariantGroup section */

/* Begin XCBuildConfiguration section */
		89D4583C294325F8005CC0D7 /* Debug */ = {
			isa = XCBuildConfiguration;
			buildSettings = {
				ALWAYS_SEARCH_USER_PATHS = NO;
				CLANG_ANALYZER_NONNULL = YES;
				CLANG_ANALYZER_NUMBER_OBJECT_CONVERSION = YES_AGGRESSIVE;
				CLANG_CXX_LANGUAGE_STANDARD = "gnu++17";
				CLANG_ENABLE_MODULES = YES;
				CLANG_ENABLE_OBJC_ARC = YES;
				CLANG_ENABLE_OBJC_WEAK = YES;
				CLANG_WARN_BLOCK_CAPTURE_AUTORELEASING = YES;
				CLANG_WARN_BOOL_CONVERSION = YES;
				CLANG_WARN_COMMA = YES;
				CLANG_WARN_CONSTANT_CONVERSION = YES;
				CLANG_WARN_DEPRECATED_OBJC_IMPLEMENTATIONS = YES;
				CLANG_WARN_DIRECT_OBJC_ISA_USAGE = YES_ERROR;
				CLANG_WARN_DOCUMENTATION_COMMENTS = YES;
				CLANG_WARN_EMPTY_BODY = YES;
				CLANG_WARN_ENUM_CONVERSION = YES;
				CLANG_WARN_INFINITE_RECURSION = YES;
				CLANG_WARN_INT_CONVERSION = YES;
				CLANG_WARN_NON_LITERAL_NULL_CONVERSION = YES;
				CLANG_WARN_OBJC_IMPLICIT_RETAIN_SELF = YES;
				CLANG_WARN_OBJC_LITERAL_CONVERSION = YES;
				CLANG_WARN_OBJC_ROOT_CLASS = YES_ERROR;
				CLANG_WARN_QUOTED_INCLUDE_IN_FRAMEWORK_HEADER = YES;
				CLANG_WARN_RANGE_LOOP_ANALYSIS = YES;
				CLANG_WARN_STRICT_PROTOTYPES = YES;
				CLANG_WARN_SUSPICIOUS_MOVE = YES;
				CLANG_WARN_UNGUARDED_AVAILABILITY = YES_AGGRESSIVE;
				CLANG_WARN_UNREACHABLE_CODE = YES;
				CLANG_WARN__DUPLICATE_METHOD_MATCH = YES;
				COPY_PHASE_STRIP = NO;
				DEBUG_INFORMATION_FORMAT = dwarf;
				ENABLE_STRICT_OBJC_MSGSEND = YES;
				ENABLE_TESTABILITY = YES;
				GCC_C_LANGUAGE_STANDARD = gnu11;
				GCC_DYNAMIC_NO_PIC = NO;
				GCC_NO_COMMON_BLOCKS = YES;
				GCC_OPTIMIZATION_LEVEL = 0;
				GCC_PREPROCESSOR_DEFINITIONS = (
					"DEBUG=1",
					"$(inherited)",
				);
				GCC_WARN_64_TO_32_BIT_CONVERSION = YES;
				GCC_WARN_ABOUT_RETURN_TYPE = YES_ERROR;
				GCC_WARN_UNDECLARED_SELECTOR = YES;
				GCC_WARN_UNINITIALIZED_AUTOS = YES_AGGRESSIVE;
				GCC_WARN_UNUSED_FUNCTION = YES;
				GCC_WARN_UNUSED_VARIABLE = YES;
				IPHONEOS_DEPLOYMENT_TARGET = 15.5;
				MTL_ENABLE_DEBUG_INFO = INCLUDE_SOURCE;
				MTL_FAST_MATH = YES;
				ONLY_ACTIVE_ARCH = YES;
				SDKROOT = iphoneos;
				SWIFT_ACTIVE_COMPILATION_CONDITIONS = DEBUG;
				SWIFT_OPTIMIZATION_LEVEL = "-Onone";
			};
			name = Debug;
		};
		89D4583D294325F8005CC0D7 /* Release */ = {
			isa = XCBuildConfiguration;
			buildSettings = {
				ALWAYS_SEARCH_USER_PATHS = NO;
				CLANG_ANALYZER_NONNULL = YES;
				CLANG_ANALYZER_NUMBER_OBJECT_CONVERSION = YES_AGGRESSIVE;
				CLANG_CXX_LANGUAGE_STANDARD = "gnu++17";
				CLANG_ENABLE_MODULES = YES;
				CLANG_ENABLE_OBJC_ARC = YES;
				CLANG_ENABLE_OBJC_WEAK = YES;
				CLANG_WARN_BLOCK_CAPTURE_AUTORELEASING = YES;
				CLANG_WARN_BOOL_CONVERSION = YES;
				CLANG_WARN_COMMA = YES;
				CLANG_WARN_CONSTANT_CONVERSION = YES;
				CLANG_WARN_DEPRECATED_OBJC_IMPLEMENTATIONS = YES;
				CLANG_WARN_DIRECT_OBJC_ISA_USAGE = YES_ERROR;
				CLANG_WARN_DOCUMENTATION_COMMENTS = YES;
				CLANG_WARN_EMPTY_BODY = YES;
				CLANG_WARN_ENUM_CONVERSION = YES;
				CLANG_WARN_INFINITE_RECURSION = YES;
				CLANG_WARN_INT_CONVERSION = YES;
				CLANG_WARN_NON_LITERAL_NULL_CONVERSION = YES;
				CLANG_WARN_OBJC_IMPLICIT_RETAIN_SELF = YES;
				CLANG_WARN_OBJC_LITERAL_CONVERSION = YES;
				CLANG_WARN_OBJC_ROOT_CLASS = YES_ERROR;
				CLANG_WARN_QUOTED_INCLUDE_IN_FRAMEWORK_HEADER = YES;
				CLANG_WARN_RANGE_LOOP_ANALYSIS = YES;
				CLANG_WARN_STRICT_PROTOTYPES = YES;
				CLANG_WARN_SUSPICIOUS_MOVE = YES;
				CLANG_WARN_UNGUARDED_AVAILABILITY = YES_AGGRESSIVE;
				CLANG_WARN_UNREACHABLE_CODE = YES;
				CLANG_WARN__DUPLICATE_METHOD_MATCH = YES;
				COPY_PHASE_STRIP = NO;
				DEBUG_INFORMATION_FORMAT = "dwarf-with-dsym";
				ENABLE_NS_ASSERTIONS = NO;
				ENABLE_STRICT_OBJC_MSGSEND = YES;
				GCC_C_LANGUAGE_STANDARD = gnu11;
				GCC_NO_COMMON_BLOCKS = YES;
				GCC_WARN_64_TO_32_BIT_CONVERSION = YES;
				GCC_WARN_ABOUT_RETURN_TYPE = YES_ERROR;
				GCC_WARN_UNDECLARED_SELECTOR = YES;
				GCC_WARN_UNINITIALIZED_AUTOS = YES_AGGRESSIVE;
				GCC_WARN_UNUSED_FUNCTION = YES;
				GCC_WARN_UNUSED_VARIABLE = YES;
				IPHONEOS_DEPLOYMENT_TARGET = 15.5;
				MTL_ENABLE_DEBUG_INFO = NO;
				MTL_FAST_MATH = YES;
				SDKROOT = iphoneos;
				SWIFT_COMPILATION_MODE = wholemodule;
				SWIFT_OPTIMIZATION_LEVEL = "-O";
				VALIDATE_PRODUCT = YES;
			};
			name = Release;
		};
		89D4583F294325F8005CC0D7 /* Debug */ = {
			isa = XCBuildConfiguration;
			buildSettings = {
				ASSETCATALOG_COMPILER_APPICON_NAME = AppIcon;
				ASSETCATALOG_COMPILER_GLOBAL_ACCENT_COLOR_NAME = AccentColor;
				CODE_SIGN_STYLE = Automatic;
				CURRENT_PROJECT_VERSION = 1;
				GENERATE_INFOPLIST_FILE = YES;
				INFOPLIST_FILE = "Md Asif Nawaz_30018/Info.plist";
				INFOPLIST_KEY_UIApplicationSupportsIndirectInputEvents = YES;
				INFOPLIST_KEY_UILaunchStoryboardName = LaunchScreen;
				INFOPLIST_KEY_UIMainStoryboardFile = Main;
				INFOPLIST_KEY_UISupportedInterfaceOrientations_iPad = "UIInterfaceOrientationPortrait UIInterfaceOrientationPortraitUpsideDown UIInterfaceOrientationLandscapeLeft UIInterfaceOrientationLandscapeRight";
				INFOPLIST_KEY_UISupportedInterfaceOrientations_iPhone = "UIInterfaceOrientationPortrait UIInterfaceOrientationLandscapeLeft UIInterfaceOrientationLandscapeRight";
				LD_RUNPATH_SEARCH_PATHS = (
					"$(inherited)",
					"@executable_path/Frameworks",
				);
				MARKETING_VERSION = 1.0;
				PRODUCT_BUNDLE_IDENTIFIER = "com.new.demo.Md-Asif-Nawaz-30018";
				PRODUCT_NAME = "$(TARGET_NAME)";
				SWIFT_EMIT_LOC_STRINGS = YES;
				SWIFT_VERSION = 5.0;
				TARGETED_DEVICE_FAMILY = "1,2";
			};
			name = Debug;
		};
		89D45840294325F8005CC0D7 /* Release */ = {
			isa = XCBuildConfiguration;
			buildSettings = {
				ASSETCATALOG_COMPILER_APPICON_NAME = AppIcon;
				ASSETCATALOG_COMPILER_GLOBAL_ACCENT_COLOR_NAME = AccentColor;
				CODE_SIGN_STYLE = Automatic;
				CURRENT_PROJECT_VERSION = 1;
				GENERATE_INFOPLIST_FILE = YES;
				INFOPLIST_FILE = "Md Asif Nawaz_30018/Info.plist";
				INFOPLIST_KEY_UIApplicationSupportsIndirectInputEvents = YES;
				INFOPLIST_KEY_UILaunchStoryboardName = LaunchScreen;
				INFOPLIST_KEY_UIMainStoryboardFile = Main;
				INFOPLIST_KEY_UISupportedInterfaceOrientations_iPad = "UIInterfaceOrientationPortrait UIInterfaceOrientationPortraitUpsideDown UIInterfaceOrientationLandscapeLeft UIInterfaceOrientationLandscapeRight";
				INFOPLIST_KEY_UISupportedInterfaceOrientations_iPhone = "UIInterfaceOrientationPortrait UIInterfaceOrientationLandscapeLeft UIInterfaceOrientationLandscapeRight";
				LD_RUNPATH_SEARCH_PATHS = (
					"$(inherited)",
					"@executable_path/Frameworks",
				);
				MARKETING_VERSION = 1.0;
				PRODUCT_BUNDLE_IDENTIFIER = "com.new.demo.Md-Asif-Nawaz-30018";
				PRODUCT_NAME = "$(TARGET_NAME)";
				SWIFT_EMIT_LOC_STRINGS = YES;
				SWIFT_VERSION = 5.0;
				TARGETED_DEVICE_FAMILY = "1,2";
			};
			name = Release;
		};
/* End XCBuildConfiguration section */

/* Begin XCConfigurationList section */
		89D45825294325F7005CC0D7 /* Build configuration list for PBXProject "Md Asif Nawaz_30018" */ = {
			isa = XCConfigurationList;
			buildConfigurations = (
				89D4583C294325F8005CC0D7 /* Debug */,
				89D4583D294325F8005CC0D7 /* Release */,
			);
			defaultConfigurationIsVisible = 0;
			defaultConfigurationName = Release;
		};
		89D4583E294325F8005CC0D7 /* Build configuration list for PBXNativeTarget "Md Asif Nawaz_30018" */ = {
			isa = XCConfigurationList;
			buildConfigurations = (
				89D4583F294325F8005CC0D7 /* Debug */,
				89D45840294325F8005CC0D7 /* Release */,
			);
			defaultConfigurationIsVisible = 0;
			defaultConfigurationName = Release;
		};
/* End XCConfigurationList section */
	};
	rootObject = 89D45822294325F7005CC0D7 /* Project object */;
}
