// !$*UTF8*$!
{
	archiveVersion = 1;
	classes = {
	};
	objectVersion = 55;
	objects = {

/* Begin PBXBuildFile section */
		8956EE9E2949762800CAE7FF /* ExpenseListHeader.swift in Sources */ = {isa = PBXBuildFile; fileRef = 8956EE9D2949762800CAE7FF /* ExpenseListHeader.swift */; };
		8956EEA22949778000CAE7FF /* ExpenseListHeaderNib.xib in Resources */ = {isa = PBXBuildFile; fileRef = 8956EEA12949778000CAE7FF /* ExpenseListHeaderNib.xib */; };
		8956EEA4294984C800CAE7FF /* ExpenseModalViewController.swift in Sources */ = {isa = PBXBuildFile; fileRef = 8956EEA3294984C800CAE7FF /* ExpenseModalViewController.swift */; };
		8956EEA6294985DB00CAE7FF /* ExpenseListDataModel.swift in Sources */ = {isa = PBXBuildFile; fileRef = 8956EEA5294985DB00CAE7FF /* ExpenseListDataModel.swift */; };
		89E85BDB29496B1E00E72A86 /* AppDelegate.swift in Sources */ = {isa = PBXBuildFile; fileRef = 89E85BDA29496B1E00E72A86 /* AppDelegate.swift */; };
		89E85BDD29496B1E00E72A86 /* SceneDelegate.swift in Sources */ = {isa = PBXBuildFile; fileRef = 89E85BDC29496B1E00E72A86 /* SceneDelegate.swift */; };
		89E85BDF29496B1E00E72A86 /* ViewController.swift in Sources */ = {isa = PBXBuildFile; fileRef = 89E85BDE29496B1E00E72A86 /* ViewController.swift */; };
		89E85BE229496B1E00E72A86 /* Main.storyboard in Resources */ = {isa = PBXBuildFile; fileRef = 89E85BE029496B1E00E72A86 /* Main.storyboard */; };
		89E85BE429496B1F00E72A86 /* Assets.xcassets in Resources */ = {isa = PBXBuildFile; fileRef = 89E85BE329496B1F00E72A86 /* Assets.xcassets */; };
		89E85BE729496B1F00E72A86 /* LaunchScreen.storyboard in Resources */ = {isa = PBXBuildFile; fileRef = 89E85BE529496B1F00E72A86 /* LaunchScreen.storyboard */; };
		89E85BEF29496E4000E72A86 /* EachExpenseTableViewCell.swift in Sources */ = {isa = PBXBuildFile; fileRef = 89E85BEE29496E4000E72A86 /* EachExpenseTableViewCell.swift */; };
/* End PBXBuildFile section */

/* Begin PBXFileReference section */
		8956EE9D2949762800CAE7FF /* ExpenseListHeader.swift */ = {isa = PBXFileReference; lastKnownFileType = sourcecode.swift; path = ExpenseListHeader.swift; sourceTree = "<group>"; };
		8956EEA12949778000CAE7FF /* ExpenseListHeaderNib.xib */ = {isa = PBXFileReference; lastKnownFileType = file.xib; path = ExpenseListHeaderNib.xib; sourceTree = "<group>"; };
		8956EEA3294984C800CAE7FF /* ExpenseModalViewController.swift */ = {isa = PBXFileReference; lastKnownFileType = sourcecode.swift; path = ExpenseModalViewController.swift; sourceTree = "<group>"; };
		8956EEA5294985DB00CAE7FF /* ExpenseListDataModel.swift */ = {isa = PBXFileReference; lastKnownFileType = sourcecode.swift; path = ExpenseListDataModel.swift; sourceTree = "<group>"; };
		89E85BD729496B1E00E72A86 /* Md Asif Nawaz_30018.app */ = {isa = PBXFileReference; explicitFileType = wrapper.application; includeInIndex = 0; path = "Md Asif Nawaz_30018.app"; sourceTree = BUILT_PRODUCTS_DIR; };
		89E85BDA29496B1E00E72A86 /* AppDelegate.swift */ = {isa = PBXFileReference; lastKnownFileType = sourcecode.swift; path = AppDelegate.swift; sourceTree = "<group>"; };
		89E85BDC29496B1E00E72A86 /* SceneDelegate.swift */ = {isa = PBXFileReference; lastKnownFileType = sourcecode.swift; path = SceneDelegate.swift; sourceTree = "<group>"; };
		89E85BDE29496B1E00E72A86 /* ViewController.swift */ = {isa = PBXFileReference; lastKnownFileType = sourcecode.swift; path = ViewController.swift; sourceTree = "<group>"; };
		89E85BE129496B1E00E72A86 /* Base */ = {isa = PBXFileReference; lastKnownFileType = file.storyboard; name = Base; path = Base.lproj/Main.storyboard; sourceTree = "<group>"; };
		89E85BE329496B1F00E72A86 /* Assets.xcassets */ = {isa = PBXFileReference; lastKnownFileType = folder.assetcatalog; path = Assets.xcassets; sourceTree = "<group>"; };
		89E85BE629496B1F00E72A86 /* Base */ = {isa = PBXFileReference; lastKnownFileType = file.storyboard; name = Base; path = Base.lproj/LaunchScreen.storyboard; sourceTree = "<group>"; };
		89E85BE829496B1F00E72A86 /* Info.plist */ = {isa = PBXFileReference; lastKnownFileType = text.plist.xml; path = Info.plist; sourceTree = "<group>"; };
		89E85BEE29496E4000E72A86 /* EachExpenseTableViewCell.swift */ = {isa = PBXFileReference; lastKnownFileType = sourcecode.swift; path = EachExpenseTableViewCell.swift; sourceTree = "<group>"; };
/* End PBXFileReference section */

/* Begin PBXFrameworksBuildPhase section */
		89E85BD429496B1E00E72A86 /* Frameworks */ = {
			isa = PBXFrameworksBuildPhase;
			buildActionMask = 2147483647;
			files = (
			);
			runOnlyForDeploymentPostprocessing = 0;
		};
/* End PBXFrameworksBuildPhase section */

/* Begin PBXGroup section */
		89E85BCE29496B1E00E72A86 = {
			isa = PBXGroup;
			children = (
				89E85BD929496B1E00E72A86 /* Md Asif Nawaz_30018 */,
				89E85BD829496B1E00E72A86 /* Products */,
			);
			sourceTree = "<group>";
		};
		89E85BD829496B1E00E72A86 /* Products */ = {
			isa = PBXGroup;
			children = (
				89E85BD729496B1E00E72A86 /* Md Asif Nawaz_30018.app */,
			);
			name = Products;
			sourceTree = "<group>";
		};
		89E85BD929496B1E00E72A86 /* Md Asif Nawaz_30018 */ = {
			isa = PBXGroup;
			children = (
				89E85BDA29496B1E00E72A86 /* AppDelegate.swift */,
				89E85BDC29496B1E00E72A86 /* SceneDelegate.swift */,
				89E85BDE29496B1E00E72A86 /* ViewController.swift */,
				89E85BE029496B1E00E72A86 /* Main.storyboard */,
				89E85BE329496B1F00E72A86 /* Assets.xcassets */,
				89E85BE529496B1F00E72A86 /* LaunchScreen.storyboard */,
				89E85BE829496B1F00E72A86 /* Info.plist */,
				89E85BEE29496E4000E72A86 /* EachExpenseTableViewCell.swift */,
				8956EE9D2949762800CAE7FF /* ExpenseListHeader.swift */,
				8956EEA12949778000CAE7FF /* ExpenseListHeaderNib.xib */,
				8956EEA3294984C800CAE7FF /* ExpenseModalViewController.swift */,
				8956EEA5294985DB00CAE7FF /* ExpenseListDataModel.swift */,
			);
			path = "Md Asif Nawaz_30018";
			sourceTree = "<group>";
		};
/* End PBXGroup section */

/* Begin PBXNativeTarget section */
		89E85BD629496B1E00E72A86 /* Md Asif Nawaz_30018 */ = {
			isa = PBXNativeTarget;
			buildConfigurationList = 89E85BEB29496B1F00E72A86 /* Build configuration list for PBXNativeTarget "Md Asif Nawaz_30018" */;
			buildPhases = (
				89E85BD329496B1E00E72A86 /* Sources */,
				89E85BD429496B1E00E72A86 /* Frameworks */,
				89E85BD529496B1E00E72A86 /* Resources */,
			);
			buildRules = (
			);
			dependencies = (
			);
			name = "Md Asif Nawaz_30018";
			productName = "Md Asif Nawaz_30018";
			productReference = 89E85BD729496B1E00E72A86 /* Md Asif Nawaz_30018.app */;
			productType = "com.apple.product-type.application";
		};
/* End PBXNativeTarget section */

/* Begin PBXProject section */
		89E85BCF29496B1E00E72A86 /* Project object */ = {
			isa = PBXProject;
			attributes = {
				BuildIndependentTargetsInParallel = 1;
				LastSwiftUpdateCheck = 1340;
				LastUpgradeCheck = 1340;
				TargetAttributes = {
					89E85BD629496B1E00E72A86 = {
						CreatedOnToolsVersion = 13.4;
					};
				};
			};
			buildConfigurationList = 89E85BD229496B1E00E72A86 /* Build configuration list for PBXProject "Md Asif Nawaz_30018" */;
			compatibilityVersion = "Xcode 13.0";
			developmentRegion = en;
			hasScannedForEncodings = 0;
			knownRegions = (
				en,
				Base,
			);
			mainGroup = 89E85BCE29496B1E00E72A86;
			productRefGroup = 89E85BD829496B1E00E72A86 /* Products */;
			projectDirPath = "";
			projectRoot = "";
			targets = (
				89E85BD629496B1E00E72A86 /* Md Asif Nawaz_30018 */,
			);
		};
/* End PBXProject section */

/* Begin PBXResourcesBuildPhase section */
		89E85BD529496B1E00E72A86 /* Resources */ = {
			isa = PBXResourcesBuildPhase;
			buildActionMask = 2147483647;
			files = (
				89E85BE729496B1F00E72A86 /* LaunchScreen.storyboard in Resources */,
				89E85BE429496B1F00E72A86 /* Assets.xcassets in Resources */,
				89E85BE229496B1E00E72A86 /* Main.storyboard in Resources */,
				8956EEA22949778000CAE7FF /* ExpenseListHeaderNib.xib in Resources */,
			);
			runOnlyForDeploymentPostprocessing = 0;
		};
/* End PBXResourcesBuildPhase section */

/* Begin PBXSourcesBuildPhase section */
		89E85BD329496B1E00E72A86 /* Sources */ = {
			isa = PBXSourcesBuildPhase;
			buildActionMask = 2147483647;
			files = (
				8956EEA4294984C800CAE7FF /* ExpenseModalViewController.swift in Sources */,
				89E85BDF29496B1E00E72A86 /* ViewController.swift in Sources */,
				89E85BEF29496E4000E72A86 /* EachExpenseTableViewCell.swift in Sources */,
				89E85BDB29496B1E00E72A86 /* AppDelegate.swift in Sources */,
				89E85BDD29496B1E00E72A86 /* SceneDelegate.swift in Sources */,
				8956EE9E2949762800CAE7FF /* ExpenseListHeader.swift in Sources */,
				8956EEA6294985DB00CAE7FF /* ExpenseListDataModel.swift in Sources */,
			);
			runOnlyForDeploymentPostprocessing = 0;
		};
/* End PBXSourcesBuildPhase section */

/* Begin PBXVariantGroup section */
		89E85BE029496B1E00E72A86 /* Main.storyboard */ = {
			isa = PBXVariantGroup;
			children = (
				89E85BE129496B1E00E72A86 /* Base */,
			);
			name = Main.storyboard;
			sourceTree = "<group>";
		};
		89E85BE529496B1F00E72A86 /* LaunchScreen.storyboard */ = {
			isa = PBXVariantGroup;
			children = (
				89E85BE629496B1F00E72A86 /* Base */,
			);
			name = LaunchScreen.storyboard;
			sourceTree = "<group>";
		};
/* End PBXVariantGroup section */

/* Begin XCBuildConfiguration section */
		89E85BE929496B1F00E72A86 /* Debug */ = {
			isa = XCBuildConfiguration;
			buildSettings = {
				ALWAYS_SEARCH_USER_PATHS = NO;
				CLANG_ANALYZER_NONNULL = YES;
				CLANG_ANALYZER_NUMBER_OBJECT_CONVERSION = YES_AGGRESSIVE;
				CLANG_CXX_LANGUAGE_STANDARD = "gnu++17";
				CLANG_ENABLE_MODULES = YES;
				CLANG_ENABLE_OBJC_ARC = YES;
				CLANG_ENABLE_OBJC_WEAK = YES;
				CLANG_WARN_BLOCK_CAPTURE_AUTORELEASING = YES;
				CLANG_WARN_BOOL_CONVERSION = YES;
				CLANG_WARN_COMMA = YES;
				CLANG_WARN_CONSTANT_CONVERSION = YES;
				CLANG_WARN_DEPRECATED_OBJC_IMPLEMENTATIONS = YES;
				CLANG_WARN_DIRECT_OBJC_ISA_USAGE = YES_ERROR;
				CLANG_WARN_DOCUMENTATION_COMMENTS = YES;
				CLANG_WARN_EMPTY_BODY = YES;
				CLANG_WARN_ENUM_CONVERSION = YES;
				CLANG_WARN_INFINITE_RECURSION = YES;
				CLANG_WARN_INT_CONVERSION = YES;
				CLANG_WARN_NON_LITERAL_NULL_CONVERSION = YES;
				CLANG_WARN_OBJC_IMPLICIT_RETAIN_SELF = YES;
				CLANG_WARN_OBJC_LITERAL_CONVERSION = YES;
				CLANG_WARN_OBJC_ROOT_CLASS = YES_ERROR;
				CLANG_WARN_QUOTED_INCLUDE_IN_FRAMEWORK_HEADER = YES;
				CLANG_WARN_RANGE_LOOP_ANALYSIS = YES;
				CLANG_WARN_STRICT_PROTOTYPES = YES;
				CLANG_WARN_SUSPICIOUS_MOVE = YES;
				CLANG_WARN_UNGUARDED_AVAILABILITY = YES_AGGRESSIVE;
				CLANG_WARN_UNREACHABLE_CODE = YES;
				CLANG_WARN__DUPLICATE_METHOD_MATCH = YES;
				COPY_PHASE_STRIP = NO;
				DEBUG_INFORMATION_FORMAT = dwarf;
				ENABLE_STRICT_OBJC_MSGSEND = YES;
				ENABLE_TESTABILITY = YES;
				GCC_C_LANGUAGE_STANDARD = gnu11;
				GCC_DYNAMIC_NO_PIC = NO;
				GCC_NO_COMMON_BLOCKS = YES;
				GCC_OPTIMIZATION_LEVEL = 0;
				GCC_PREPROCESSOR_DEFINITIONS = (
					"DEBUG=1",
					"$(inherited)",
				);
				GCC_WARN_64_TO_32_BIT_CONVERSION = YES;
				GCC_WARN_ABOUT_RETURN_TYPE = YES_ERROR;
				GCC_WARN_UNDECLARED_SELECTOR = YES;
				GCC_WARN_UNINITIALIZED_AUTOS = YES_AGGRESSIVE;
				GCC_WARN_UNUSED_FUNCTION = YES;
				GCC_WARN_UNUSED_VARIABLE = YES;
				IPHONEOS_DEPLOYMENT_TARGET = 15.5;
				MTL_ENABLE_DEBUG_INFO = INCLUDE_SOURCE;
				MTL_FAST_MATH = YES;
				ONLY_ACTIVE_ARCH = YES;
				SDKROOT = iphoneos;
				SWIFT_ACTIVE_COMPILATION_CONDITIONS = DEBUG;
				SWIFT_OPTIMIZATION_LEVEL = "-Onone";
			};
			name = Debug;
		};
		89E85BEA29496B1F00E72A86 /* Release */ = {
			isa = XCBuildConfiguration;
			buildSettings = {
				ALWAYS_SEARCH_USER_PATHS = NO;
				CLANG_ANALYZER_NONNULL = YES;
				CLANG_ANALYZER_NUMBER_OBJECT_CONVERSION = YES_AGGRESSIVE;
				CLANG_CXX_LANGUAGE_STANDARD = "gnu++17";
				CLANG_ENABLE_MODULES = YES;
				CLANG_ENABLE_OBJC_ARC = YES;
				CLANG_ENABLE_OBJC_WEAK = YES;
				CLANG_WARN_BLOCK_CAPTURE_AUTORELEASING = YES;
				CLANG_WARN_BOOL_CONVERSION = YES;
				CLANG_WARN_COMMA = YES;
				CLANG_WARN_CONSTANT_CONVERSION = YES;
				CLANG_WARN_DEPRECATED_OBJC_IMPLEMENTATIONS = YES;
				CLANG_WARN_DIRECT_OBJC_ISA_USAGE = YES_ERROR;
				CLANG_WARN_DOCUMENTATION_COMMENTS = YES;
				CLANG_WARN_EMPTY_BODY = YES;
				CLANG_WARN_ENUM_CONVERSION = YES;
				CLANG_WARN_INFINITE_RECURSION = YES;
				CLANG_WARN_INT_CONVERSION = YES;
				CLANG_WARN_NON_LITERAL_NULL_CONVERSION = YES;
				CLANG_WARN_OBJC_IMPLICIT_RETAIN_SELF = YES;
				CLANG_WARN_OBJC_LITERAL_CONVERSION = YES;
				CLANG_WARN_OBJC_ROOT_CLASS = YES_ERROR;
				CLANG_WARN_QUOTED_INCLUDE_IN_FRAMEWORK_HEADER = YES;
				CLANG_WARN_RANGE_LOOP_ANALYSIS = YES;
				CLANG_WARN_STRICT_PROTOTYPES = YES;
				CLANG_WARN_SUSPICIOUS_MOVE = YES;
				CLANG_WARN_UNGUARDED_AVAILABILITY = YES_AGGRESSIVE;
				CLANG_WARN_UNREACHABLE_CODE = YES;
				CLANG_WARN__DUPLICATE_METHOD_MATCH = YES;
				COPY_PHASE_STRIP = NO;
				DEBUG_INFORMATION_FORMAT = "dwarf-with-dsym";
				ENABLE_NS_ASSERTIONS = NO;
				ENABLE_STRICT_OBJC_MSGSEND = YES;
				GCC_C_LANGUAGE_STANDARD = gnu11;
				GCC_NO_COMMON_BLOCKS = YES;
				GCC_WARN_64_TO_32_BIT_CONVERSION = YES;
				GCC_WARN_ABOUT_RETURN_TYPE = YES_ERROR;
				GCC_WARN_UNDECLARED_SELECTOR = YES;
				GCC_WARN_UNINITIALIZED_AUTOS = YES_AGGRESSIVE;
				GCC_WARN_UNUSED_FUNCTION = YES;
				GCC_WARN_UNUSED_VARIABLE = YES;
				IPHONEOS_DEPLOYMENT_TARGET = 15.5;
				MTL_ENABLE_DEBUG_INFO = NO;
				MTL_FAST_MATH = YES;
				SDKROOT = iphoneos;
				SWIFT_COMPILATION_MODE = wholemodule;
				SWIFT_OPTIMIZATION_LEVEL = "-O";
				VALIDATE_PRODUCT = YES;
			};
			name = Release;
		};
		89E85BEC29496B1F00E72A86 /* Debug */ = {
			isa = XCBuildConfiguration;
			buildSettings = {
				ASSETCATALOG_COMPILER_APPICON_NAME = AppIcon;
				ASSETCATALOG_COMPILER_GLOBAL_ACCENT_COLOR_NAME = AccentColor;
				CODE_SIGN_STYLE = Automatic;
				CURRENT_PROJECT_VERSION = 1;
				GENERATE_INFOPLIST_FILE = YES;
				INFOPLIST_FILE = "Md Asif Nawaz_30018/Info.plist";
				INFOPLIST_KEY_UIApplicationSupportsIndirectInputEvents = YES;
				INFOPLIST_KEY_UILaunchStoryboardName = LaunchScreen;
				INFOPLIST_KEY_UIMainStoryboardFile = Main;
				INFOPLIST_KEY_UISupportedInterfaceOrientations_iPad = "UIInterfaceOrientationPortrait UIInterfaceOrientationPortraitUpsideDown UIInterfaceOrientationLandscapeLeft UIInterfaceOrientationLandscapeRight";
				INFOPLIST_KEY_UISupportedInterfaceOrientations_iPhone = "UIInterfaceOrientationPortrait UIInterfaceOrientationLandscapeLeft UIInterfaceOrientationLandscapeRight";
				LD_RUNPATH_SEARCH_PATHS = (
					"$(inherited)",
					"@executable_path/Frameworks",
				);
				MARKETING_VERSION = 1.0;
				PRODUCT_BUNDLE_IDENTIFIER = "com.new.demo.Md-Asif-Nawaz-30018";
				PRODUCT_NAME = "$(TARGET_NAME)";
				SWIFT_EMIT_LOC_STRINGS = YES;
				SWIFT_VERSION = 5.0;
				TARGETED_DEVICE_FAMILY = "1,2";
			};
			name = Debug;
		};
		89E85BED29496B1F00E72A86 /* Release */ = {
			isa = XCBuildConfiguration;
			buildSettings = {
				ASSETCATALOG_COMPILER_APPICON_NAME = AppIcon;
				ASSETCATALOG_COMPILER_GLOBAL_ACCENT_COLOR_NAME = AccentColor;
				CODE_SIGN_STYLE = Automatic;
				CURRENT_PROJECT_VERSION = 1;
				GENERATE_INFOPLIST_FILE = YES;
				INFOPLIST_FILE = "Md Asif Nawaz_30018/Info.plist";
				INFOPLIST_KEY_UIApplicationSupportsIndirectInputEvents = YES;
				INFOPLIST_KEY_UILaunchStoryboardName = LaunchScreen;
				INFOPLIST_KEY_UIMainStoryboardFile = Main;
				INFOPLIST_KEY_UISupportedInterfaceOrientations_iPad = "UIInterfaceOrientationPortrait UIInterfaceOrientationPortraitUpsideDown UIInterfaceOrientationLandscapeLeft UIInterfaceOrientationLandscapeRight";
				INFOPLIST_KEY_UISupportedInterfaceOrientations_iPhone = "UIInterfaceOrientationPortrait UIInterfaceOrientationLandscapeLeft UIInterfaceOrientationLandscapeRight";
				LD_RUNPATH_SEARCH_PATHS = (
					"$(inherited)",
					"@executable_path/Frameworks",
				);
				MARKETING_VERSION = 1.0;
				PRODUCT_BUNDLE_IDENTIFIER = "com.new.demo.Md-Asif-Nawaz-30018";
				PRODUCT_NAME = "$(TARGET_NAME)";
				SWIFT_EMIT_LOC_STRINGS = YES;
				SWIFT_VERSION = 5.0;
				TARGETED_DEVICE_FAMILY = "1,2";
			};
			name = Release;
		};
/* End XCBuildConfiguration section */

/* Begin XCConfigurationList section */
		89E85BD229496B1E00E72A86 /* Build configuration list for PBXProject "Md Asif Nawaz_30018" */ = {
			isa = XCConfigurationList;
			buildConfigurations = (
				89E85BE929496B1F00E72A86 /* Debug */,
				89E85BEA29496B1F00E72A86 /* Release */,
			);
			defaultConfigurationIsVisible = 0;
			defaultConfigurationName = Release;
		};
		89E85BEB29496B1F00E72A86 /* Build configuration list for PBXNativeTarget "Md Asif Nawaz_30018" */ = {
			isa = XCConfigurationList;
			buildConfigurations = (
				89E85BEC29496B1F00E72A86 /* Debug */,
				89E85BED29496B1F00E72A86 /* Release */,
			);
			defaultConfigurationIsVisible = 0;
			defaultConfigurationName = Release;
		};
/* End XCConfigurationList section */
	};
	rootObject = 89E85BCF29496B1E00E72A86 /* Project object */;
}
