// !$*UTF8*$!
{
	archiveVersion = 1;
	classes = {
	};
	objectVersion = 55;
	objects = {

/* Begin PBXBuildFile section */
		89021D49296D877C00C9B1EA /* UserCustomTableViewCell.swift in Sources */ = {isa = PBXBuildFile; fileRef = 89021D48296D877C00C9B1EA /* UserCustomTableViewCell.swift */; };
		89021D4B296D89CC00C9B1EA /* UserViewController.swift in Sources */ = {isa = PBXBuildFile; fileRef = 89021D4A296D89CC00C9B1EA /* UserViewController.swift */; };
		89021D50296D8BEB00C9B1EA /* NoteModel+CoreDataClass.swift in Sources */ = {isa = PBXBuildFile; fileRef = 89021D4C296D8BEB00C9B1EA /* NoteModel+CoreDataClass.swift */; };
		89021D51296D8BEB00C9B1EA /* NoteModel+CoreDataProperties.swift in Sources */ = {isa = PBXBuildFile; fileRef = 89021D4D296D8BEB00C9B1EA /* NoteModel+CoreDataProperties.swift */; };
		89021D52296D8BEB00C9B1EA /* UserModel+CoreDataClass.swift in Sources */ = {isa = PBXBuildFile; fileRef = 89021D4E296D8BEB00C9B1EA /* UserModel+CoreDataClass.swift */; };
		89021D53296D8BEB00C9B1EA /* UserModel+CoreDataProperties.swift in Sources */ = {isa = PBXBuildFile; fileRef = 89021D4F296D8BEB00C9B1EA /* UserModel+CoreDataProperties.swift */; };
		89021D55296D8E1A00C9B1EA /* NoteDataModel.swift in Sources */ = {isa = PBXBuildFile; fileRef = 89021D54296D8E1A00C9B1EA /* NoteDataModel.swift */; };
		8967593D296C1C7D00A7D988 /* UserDataModel.swift in Sources */ = {isa = PBXBuildFile; fileRef = 8967593C296C1C7D00A7D988 /* UserDataModel.swift */; };
		897BF742296BB570009B6243 /* CustomTableViewCell.swift in Sources */ = {isa = PBXBuildFile; fileRef = 897BF741296BB570009B6243 /* CustomTableViewCell.swift */; };
		897BF744296BB91A009B6243 /* LoginViewController.swift in Sources */ = {isa = PBXBuildFile; fileRef = 897BF743296BB91A009B6243 /* LoginViewController.swift */; };
		897BF746296C0593009B6243 /* HomeViewController.swift in Sources */ = {isa = PBXBuildFile; fileRef = 897BF745296C0593009B6243 /* HomeViewController.swift */; };
		89D2EA65296830BE0076CDCA /* SignupViewController.swift in Sources */ = {isa = PBXBuildFile; fileRef = 89D2EA64296830BE0076CDCA /* SignupViewController.swift */; };
		89DE23E72967CA5E00FE1852 /* AppDelegate.swift in Sources */ = {isa = PBXBuildFile; fileRef = 89DE23E62967CA5E00FE1852 /* AppDelegate.swift */; };
		89DE23E92967CA5E00FE1852 /* SceneDelegate.swift in Sources */ = {isa = PBXBuildFile; fileRef = 89DE23E82967CA5E00FE1852 /* SceneDelegate.swift */; };
		89DE23EB2967CA5E00FE1852 /* ViewController.swift in Sources */ = {isa = PBXBuildFile; fileRef = 89DE23EA2967CA5E00FE1852 /* ViewController.swift */; };
		89DE23EE2967CA5E00FE1852 /* Main.storyboard in Resources */ = {isa = PBXBuildFile; fileRef = 89DE23EC2967CA5E00FE1852 /* Main.storyboard */; };
		89DE23F12967CA5E00FE1852 /* Md_Asif_Nawaz_30018.xcdatamodeld in Sources */ = {isa = PBXBuildFile; fileRef = 89DE23EF2967CA5E00FE1852 /* Md_Asif_Nawaz_30018.xcdatamodeld */; };
		89DE23F32967CA5E00FE1852 /* Assets.xcassets in Resources */ = {isa = PBXBuildFile; fileRef = 89DE23F22967CA5E00FE1852 /* Assets.xcassets */; };
		89DE23F62967CA5E00FE1852 /* LaunchScreen.storyboard in Resources */ = {isa = PBXBuildFile; fileRef = 89DE23F42967CA5E00FE1852 /* LaunchScreen.storyboard */; };
/* End PBXBuildFile section */

/* Begin PBXFileReference section */
		89021D48296D877C00C9B1EA /* UserCustomTableViewCell.swift */ = {isa = PBXFileReference; lastKnownFileType = sourcecode.swift; path = UserCustomTableViewCell.swift; sourceTree = "<group>"; };
		89021D4A296D89CC00C9B1EA /* UserViewController.swift */ = {isa = PBXFileReference; lastKnownFileType = sourcecode.swift; path = UserViewController.swift; sourceTree = "<group>"; };
		89021D4C296D8BEB00C9B1EA /* NoteModel+CoreDataClass.swift */ = {isa = PBXFileReference; lastKnownFileType = sourcecode.swift; path = "NoteModel+CoreDataClass.swift"; sourceTree = "<group>"; };
		89021D4D296D8BEB00C9B1EA /* NoteModel+CoreDataProperties.swift */ = {isa = PBXFileReference; lastKnownFileType = sourcecode.swift; path = "NoteModel+CoreDataProperties.swift"; sourceTree = "<group>"; };
		89021D4E296D8BEB00C9B1EA /* UserModel+CoreDataClass.swift */ = {isa = PBXFileReference; lastKnownFileType = sourcecode.swift; path = "UserModel+CoreDataClass.swift"; sourceTree = "<group>"; };
		89021D4F296D8BEB00C9B1EA /* UserModel+CoreDataProperties.swift */ = {isa = PBXFileReference; lastKnownFileType = sourcecode.swift; path = "UserModel+CoreDataProperties.swift"; sourceTree = "<group>"; };
		89021D54296D8E1A00C9B1EA /* NoteDataModel.swift */ = {isa = PBXFileReference; lastKnownFileType = sourcecode.swift; path = NoteDataModel.swift; sourceTree = "<group>"; };
		8967593C296C1C7D00A7D988 /* UserDataModel.swift */ = {isa = PBXFileReference; lastKnownFileType = sourcecode.swift; path = UserDataModel.swift; sourceTree = "<group>"; };
		897BF741296BB570009B6243 /* CustomTableViewCell.swift */ = {isa = PBXFileReference; lastKnownFileType = sourcecode.swift; path = CustomTableViewCell.swift; sourceTree = "<group>"; };
		897BF743296BB91A009B6243 /* LoginViewController.swift */ = {isa = PBXFileReference; lastKnownFileType = sourcecode.swift; path = LoginViewController.swift; sourceTree = "<group>"; };
		897BF745296C0593009B6243 /* HomeViewController.swift */ = {isa = PBXFileReference; lastKnownFileType = sourcecode.swift; path = HomeViewController.swift; sourceTree = "<group>"; };
		89D2EA64296830BE0076CDCA /* SignupViewController.swift */ = {isa = PBXFileReference; lastKnownFileType = sourcecode.swift; path = SignupViewController.swift; sourceTree = "<group>"; };
		89DE23E32967CA5E00FE1852 /* Md Asif Nawaz 30018.app */ = {isa = PBXFileReference; explicitFileType = wrapper.application; includeInIndex = 0; path = "Md Asif Nawaz 30018.app"; sourceTree = BUILT_PRODUCTS_DIR; };
		89DE23E62967CA5E00FE1852 /* AppDelegate.swift */ = {isa = PBXFileReference; lastKnownFileType = sourcecode.swift; path = AppDelegate.swift; sourceTree = "<group>"; };
		89DE23E82967CA5E00FE1852 /* SceneDelegate.swift */ = {isa = PBXFileReference; lastKnownFileType = sourcecode.swift; path = SceneDelegate.swift; sourceTree = "<group>"; };
		89DE23EA2967CA5E00FE1852 /* ViewController.swift */ = {isa = PBXFileReference; lastKnownFileType = sourcecode.swift; path = ViewController.swift; sourceTree = "<group>"; };
		89DE23ED2967CA5E00FE1852 /* Base */ = {isa = PBXFileReference; lastKnownFileType = file.storyboard; name = Base; path = Base.lproj/Main.storyboard; sourceTree = "<group>"; };
		89DE23F02967CA5E00FE1852 /* Md_Asif_Nawaz_30018.xcdatamodel */ = {isa = PBXFileReference; lastKnownFileType = wrapper.xcdatamodel; path = Md_Asif_Nawaz_30018.xcdatamodel; sourceTree = "<group>"; };
		89DE23F22967CA5E00FE1852 /* Assets.xcassets */ = {isa = PBXFileReference; lastKnownFileType = folder.assetcatalog; path = Assets.xcassets; sourceTree = "<group>"; };
		89DE23F52967CA5E00FE1852 /* Base */ = {isa = PBXFileReference; lastKnownFileType = file.storyboard; name = Base; path = Base.lproj/LaunchScreen.storyboard; sourceTree = "<group>"; };
		89DE23F72967CA5E00FE1852 /* Info.plist */ = {isa = PBXFileReference; lastKnownFileType = text.plist.xml; path = Info.plist; sourceTree = "<group>"; };
/* End PBXFileReference section */

/* Begin PBXFrameworksBuildPhase section */
		89DE23E02967CA5E00FE1852 /* Frameworks */ = {
			isa = PBXFrameworksBuildPhase;
			buildActionMask = 2147483647;
			files = (
			);
			runOnlyForDeploymentPostprocessing = 0;
		};
/* End PBXFrameworksBuildPhase section */

/* Begin PBXGroup section */
		89DE23DA2967CA5E00FE1852 = {
			isa = PBXGroup;
			children = (
				89DE23E52967CA5E00FE1852 /* Md Asif Nawaz 30018 */,
				89DE23E42967CA5E00FE1852 /* Products */,
			);
			sourceTree = "<group>";
		};
		89DE23E42967CA5E00FE1852 /* Products */ = {
			isa = PBXGroup;
			children = (
				89DE23E32967CA5E00FE1852 /* Md Asif Nawaz 30018.app */,
			);
			name = Products;
			sourceTree = "<group>";
		};
		89DE23E52967CA5E00FE1852 /* Md Asif Nawaz 30018 */ = {
			isa = PBXGroup;
			children = (
				89DE24012967CD2C00FE1852 /* CoreData */,
				89DE23E62967CA5E00FE1852 /* AppDelegate.swift */,
				89DE23E82967CA5E00FE1852 /* SceneDelegate.swift */,
				89DE23EA2967CA5E00FE1852 /* ViewController.swift */,
				89DE23EC2967CA5E00FE1852 /* Main.storyboard */,
				897BF745296C0593009B6243 /* HomeViewController.swift */,
				89DE23F22967CA5E00FE1852 /* Assets.xcassets */,
				89DE23F42967CA5E00FE1852 /* LaunchScreen.storyboard */,
				89DE23F72967CA5E00FE1852 /* Info.plist */,
				89DE23EF2967CA5E00FE1852 /* Md_Asif_Nawaz_30018.xcdatamodeld */,
				89D2EA64296830BE0076CDCA /* SignupViewController.swift */,
				897BF741296BB570009B6243 /* CustomTableViewCell.swift */,
				897BF743296BB91A009B6243 /* LoginViewController.swift */,
				89021D48296D877C00C9B1EA /* UserCustomTableViewCell.swift */,
				89021D4A296D89CC00C9B1EA /* UserViewController.swift */,
				8967593C296C1C7D00A7D988 /* UserDataModel.swift */,
				89021D54296D8E1A00C9B1EA /* NoteDataModel.swift */,
			);
			path = "Md Asif Nawaz 30018";
			sourceTree = "<group>";
		};
		89DE24012967CD2C00FE1852 /* CoreData */ = {
			isa = PBXGroup;
			children = (
				89021D4C296D8BEB00C9B1EA /* NoteModel+CoreDataClass.swift */,
				89021D4D296D8BEB00C9B1EA /* NoteModel+CoreDataProperties.swift */,
				89021D4E296D8BEB00C9B1EA /* UserModel+CoreDataClass.swift */,
				89021D4F296D8BEB00C9B1EA /* UserModel+CoreDataProperties.swift */,
			);
			path = CoreData;
			sourceTree = "<group>";
		};
/* End PBXGroup section */

/* Begin PBXNativeTarget section */
		89DE23E22967CA5E00FE1852 /* Md Asif Nawaz 30018 */ = {
			isa = PBXNativeTarget;
			buildConfigurationList = 89DE23FA2967CA5E00FE1852 /* Build configuration list for PBXNativeTarget "Md Asif Nawaz 30018" */;
			buildPhases = (
				89DE23DF2967CA5E00FE1852 /* Sources */,
				89DE23E02967CA5E00FE1852 /* Frameworks */,
				89DE23E12967CA5E00FE1852 /* Resources */,
			);
			buildRules = (
			);
			dependencies = (
			);
			name = "Md Asif Nawaz 30018";
			productName = "Md Asif Nawaz 30018";
			productReference = 89DE23E32967CA5E00FE1852 /* Md Asif Nawaz 30018.app */;
			productType = "com.apple.product-type.application";
		};
/* End PBXNativeTarget section */

/* Begin PBXProject section */
		89DE23DB2967CA5E00FE1852 /* Project object */ = {
			isa = PBXProject;
			attributes = {
				BuildIndependentTargetsInParallel = 1;
				LastSwiftUpdateCheck = 1340;
				LastUpgradeCheck = 1340;
				TargetAttributes = {
					89DE23E22967CA5E00FE1852 = {
						CreatedOnToolsVersion = 13.4;
					};
				};
			};
			buildConfigurationList = 89DE23DE2967CA5E00FE1852 /* Build configuration list for PBXProject "Md Asif Nawaz 30018" */;
			compatibilityVersion = "Xcode 13.0";
			developmentRegion = en;
			hasScannedForEncodings = 0;
			knownRegions = (
				en,
				Base,
			);
			mainGroup = 89DE23DA2967CA5E00FE1852;
			productRefGroup = 89DE23E42967CA5E00FE1852 /* Products */;
			projectDirPath = "";
			projectRoot = "";
			targets = (
				89DE23E22967CA5E00FE1852 /* Md Asif Nawaz 30018 */,
			);
		};
/* End PBXProject section */

/* Begin PBXResourcesBuildPhase section */
		89DE23E12967CA5E00FE1852 /* Resources */ = {
			isa = PBXResourcesBuildPhase;
			buildActionMask = 2147483647;
			files = (
				89DE23F62967CA5E00FE1852 /* LaunchScreen.storyboard in Resources */,
				89DE23F32967CA5E00FE1852 /* Assets.xcassets in Resources */,
				89DE23EE2967CA5E00FE1852 /* Main.storyboard in Resources */,
			);
			runOnlyForDeploymentPostprocessing = 0;
		};
/* End PBXResourcesBuildPhase section */

/* Begin PBXSourcesBuildPhase section */
		89DE23DF2967CA5E00FE1852 /* Sources */ = {
			isa = PBXSourcesBuildPhase;
			buildActionMask = 2147483647;
			files = (
				89DE23F12967CA5E00FE1852 /* Md_Asif_Nawaz_30018.xcdatamodeld in Sources */,
				89021D4B296D89CC00C9B1EA /* UserViewController.swift in Sources */,
				89D2EA65296830BE0076CDCA /* SignupViewController.swift in Sources */,
				89021D49296D877C00C9B1EA /* UserCustomTableViewCell.swift in Sources */,
				89021D52296D8BEB00C9B1EA /* UserModel+CoreDataClass.swift in Sources */,
				89DE23EB2967CA5E00FE1852 /* ViewController.swift in Sources */,
				89DE23E72967CA5E00FE1852 /* AppDelegate.swift in Sources */,
				89021D53296D8BEB00C9B1EA /* UserModel+CoreDataProperties.swift in Sources */,
				897BF742296BB570009B6243 /* CustomTableViewCell.swift in Sources */,
				89021D51296D8BEB00C9B1EA /* NoteModel+CoreDataProperties.swift in Sources */,
				89DE23E92967CA5E00FE1852 /* SceneDelegate.swift in Sources */,
				897BF744296BB91A009B6243 /* LoginViewController.swift in Sources */,
				8967593D296C1C7D00A7D988 /* UserDataModel.swift in Sources */,
				897BF746296C0593009B6243 /* HomeViewController.swift in Sources */,
				89021D50296D8BEB00C9B1EA /* NoteModel+CoreDataClass.swift in Sources */,
				89021D55296D8E1A00C9B1EA /* NoteDataModel.swift in Sources */,
			);
			runOnlyForDeploymentPostprocessing = 0;
		};
/* End PBXSourcesBuildPhase section */

/* Begin PBXVariantGroup section */
		89DE23EC2967CA5E00FE1852 /* Main.storyboard */ = {
			isa = PBXVariantGroup;
			children = (
				89DE23ED2967CA5E00FE1852 /* Base */,
			);
			name = Main.storyboard;
			sourceTree = "<group>";
		};
		89DE23F42967CA5E00FE1852 /* LaunchScreen.storyboard */ = {
			isa = PBXVariantGroup;
			children = (
				89DE23F52967CA5E00FE1852 /* Base */,
			);
			name = LaunchScreen.storyboard;
			sourceTree = "<group>";
		};
/* End PBXVariantGroup section */

/* Begin XCBuildConfiguration section */
		89DE23F82967CA5E00FE1852 /* Debug */ = {
			isa = XCBuildConfiguration;
			buildSettings = {
				ALWAYS_SEARCH_USER_PATHS = NO;
				CLANG_ANALYZER_NONNULL = YES;
				CLANG_ANALYZER_NUMBER_OBJECT_CONVERSION = YES_AGGRESSIVE;
				CLANG_CXX_LANGUAGE_STANDARD = "gnu++17";
				CLANG_ENABLE_MODULES = YES;
				CLANG_ENABLE_OBJC_ARC = YES;
				CLANG_ENABLE_OBJC_WEAK = YES;
				CLANG_WARN_BLOCK_CAPTURE_AUTORELEASING = YES;
				CLANG_WARN_BOOL_CONVERSION = YES;
				CLANG_WARN_COMMA = YES;
				CLANG_WARN_CONSTANT_CONVERSION = YES;
				CLANG_WARN_DEPRECATED_OBJC_IMPLEMENTATIONS = YES;
				CLANG_WARN_DIRECT_OBJC_ISA_USAGE = YES_ERROR;
				CLANG_WARN_DOCUMENTATION_COMMENTS = YES;
				CLANG_WARN_EMPTY_BODY = YES;
				CLANG_WARN_ENUM_CONVERSION = YES;
				CLANG_WARN_INFINITE_RECURSION = YES;
				CLANG_WARN_INT_CONVERSION = YES;
				CLANG_WARN_NON_LITERAL_NULL_CONVERSION = YES;
				CLANG_WARN_OBJC_IMPLICIT_RETAIN_SELF = YES;
				CLANG_WARN_OBJC_LITERAL_CONVERSION = YES;
				CLANG_WARN_OBJC_ROOT_CLASS = YES_ERROR;
				CLANG_WARN_QUOTED_INCLUDE_IN_FRAMEWORK_HEADER = YES;
				CLANG_WARN_RANGE_LOOP_ANALYSIS = YES;
				CLANG_WARN_STRICT_PROTOTYPES = YES;
				CLANG_WARN_SUSPICIOUS_MOVE = YES;
				CLANG_WARN_UNGUARDED_AVAILABILITY = YES_AGGRESSIVE;
				CLANG_WARN_UNREACHABLE_CODE = YES;
				CLANG_WARN__DUPLICATE_METHOD_MATCH = YES;
				COPY_PHASE_STRIP = NO;
				DEBUG_INFORMATION_FORMAT = dwarf;
				ENABLE_STRICT_OBJC_MSGSEND = YES;
				ENABLE_TESTABILITY = YES;
				GCC_C_LANGUAGE_STANDARD = gnu11;
				GCC_DYNAMIC_NO_PIC = NO;
				GCC_NO_COMMON_BLOCKS = YES;
				GCC_OPTIMIZATION_LEVEL = 0;
				GCC_PREPROCESSOR_DEFINITIONS = (
					"DEBUG=1",
					"$(inherited)",
				);
				GCC_WARN_64_TO_32_BIT_CONVERSION = YES;
				GCC_WARN_ABOUT_RETURN_TYPE = YES_ERROR;
				GCC_WARN_UNDECLARED_SELECTOR = YES;
				GCC_WARN_UNINITIALIZED_AUTOS = YES_AGGRESSIVE;
				GCC_WARN_UNUSED_FUNCTION = YES;
				GCC_WARN_UNUSED_VARIABLE = YES;
				IPHONEOS_DEPLOYMENT_TARGET = 15.5;
				MTL_ENABLE_DEBUG_INFO = INCLUDE_SOURCE;
				MTL_FAST_MATH = YES;
				ONLY_ACTIVE_ARCH = YES;
				SDKROOT = iphoneos;
				SWIFT_ACTIVE_COMPILATION_CONDITIONS = DEBUG;
				SWIFT_OPTIMIZATION_LEVEL = "-Onone";
			};
			name = Debug;
		};
		89DE23F92967CA5E00FE1852 /* Release */ = {
			isa = XCBuildConfiguration;
			buildSettings = {
				ALWAYS_SEARCH_USER_PATHS = NO;
				CLANG_ANALYZER_NONNULL = YES;
				CLANG_ANALYZER_NUMBER_OBJECT_CONVERSION = YES_AGGRESSIVE;
				CLANG_CXX_LANGUAGE_STANDARD = "gnu++17";
				CLANG_ENABLE_MODULES = YES;
				CLANG_ENABLE_OBJC_ARC = YES;
				CLANG_ENABLE_OBJC_WEAK = YES;
				CLANG_WARN_BLOCK_CAPTURE_AUTORELEASING = YES;
				CLANG_WARN_BOOL_CONVERSION = YES;
				CLANG_WARN_COMMA = YES;
				CLANG_WARN_CONSTANT_CONVERSION = YES;
				CLANG_WARN_DEPRECATED_OBJC_IMPLEMENTATIONS = YES;
				CLANG_WARN_DIRECT_OBJC_ISA_USAGE = YES_ERROR;
				CLANG_WARN_DOCUMENTATION_COMMENTS = YES;
				CLANG_WARN_EMPTY_BODY = YES;
				CLANG_WARN_ENUM_CONVERSION = YES;
				CLANG_WARN_INFINITE_RECURSION = YES;
				CLANG_WARN_INT_CONVERSION = YES;
				CLANG_WARN_NON_LITERAL_NULL_CONVERSION = YES;
				CLANG_WARN_OBJC_IMPLICIT_RETAIN_SELF = YES;
				CLANG_WARN_OBJC_LITERAL_CONVERSION = YES;
				CLANG_WARN_OBJC_ROOT_CLASS = YES_ERROR;
				CLANG_WARN_QUOTED_INCLUDE_IN_FRAMEWORK_HEADER = YES;
				CLANG_WARN_RANGE_LOOP_ANALYSIS = YES;
				CLANG_WARN_STRICT_PROTOTYPES = YES;
				CLANG_WARN_SUSPICIOUS_MOVE = YES;
				CLANG_WARN_UNGUARDED_AVAILABILITY = YES_AGGRESSIVE;
				CLANG_WARN_UNREACHABLE_CODE = YES;
				CLANG_WARN__DUPLICATE_METHOD_MATCH = YES;
				COPY_PHASE_STRIP = NO;
				DEBUG_INFORMATION_FORMAT = "dwarf-with-dsym";
				ENABLE_NS_ASSERTIONS = NO;
				ENABLE_STRICT_OBJC_MSGSEND = YES;
				GCC_C_LANGUAGE_STANDARD = gnu11;
				GCC_NO_COMMON_BLOCKS = YES;
				GCC_WARN_64_TO_32_BIT_CONVERSION = YES;
				GCC_WARN_ABOUT_RETURN_TYPE = YES_ERROR;
				GCC_WARN_UNDECLARED_SELECTOR = YES;
				GCC_WARN_UNINITIALIZED_AUTOS = YES_AGGRESSIVE;
				GCC_WARN_UNUSED_FUNCTION = YES;
				GCC_WARN_UNUSED_VARIABLE = YES;
				IPHONEOS_DEPLOYMENT_TARGET = 15.5;
				MTL_ENABLE_DEBUG_INFO = NO;
				MTL_FAST_MATH = YES;
				SDKROOT = iphoneos;
				SWIFT_COMPILATION_MODE = wholemodule;
				SWIFT_OPTIMIZATION_LEVEL = "-O";
				VALIDATE_PRODUCT = YES;
			};
			name = Release;
		};
		89DE23FB2967CA5E00FE1852 /* Debug */ = {
			isa = XCBuildConfiguration;
			buildSettings = {
				ASSETCATALOG_COMPILER_APPICON_NAME = AppIcon;
				ASSETCATALOG_COMPILER_GLOBAL_ACCENT_COLOR_NAME = AccentColor;
				CODE_SIGN_STYLE = Automatic;
				CURRENT_PROJECT_VERSION = 1;
				GENERATE_INFOPLIST_FILE = YES;
				INFOPLIST_FILE = "Md Asif Nawaz 30018/Info.plist";
				INFOPLIST_KEY_UIApplicationSupportsIndirectInputEvents = YES;
				INFOPLIST_KEY_UILaunchStoryboardName = LaunchScreen;
				INFOPLIST_KEY_UIMainStoryboardFile = Main;
				INFOPLIST_KEY_UISupportedInterfaceOrientations_iPad = "UIInterfaceOrientationPortrait UIInterfaceOrientationPortraitUpsideDown UIInterfaceOrientationLandscapeLeft UIInterfaceOrientationLandscapeRight";
				INFOPLIST_KEY_UISupportedInterfaceOrientations_iPhone = "UIInterfaceOrientationPortrait UIInterfaceOrientationLandscapeLeft UIInterfaceOrientationLandscapeRight";
				LD_RUNPATH_SEARCH_PATHS = (
					"$(inherited)",
					"@executable_path/Frameworks",
				);
				MARKETING_VERSION = 1.0;
				PRODUCT_BUNDLE_IDENTIFIER = "com.new.demo.Md-Asif-Nawaz-30018";
				PRODUCT_NAME = "$(TARGET_NAME)";
				SWIFT_EMIT_LOC_STRINGS = YES;
				SWIFT_VERSION = 5.0;
				TARGETED_DEVICE_FAMILY = "1,2";
			};
			name = Debug;
		};
		89DE23FC2967CA5E00FE1852 /* Release */ = {
			isa = XCBuildConfiguration;
			buildSettings = {
				ASSETCATALOG_COMPILER_APPICON_NAME = AppIcon;
				ASSETCATALOG_COMPILER_GLOBAL_ACCENT_COLOR_NAME = AccentColor;
				CODE_SIGN_STYLE = Automatic;
				CURRENT_PROJECT_VERSION = 1;
				GENERATE_INFOPLIST_FILE = YES;
				INFOPLIST_FILE = "Md Asif Nawaz 30018/Info.plist";
				INFOPLIST_KEY_UIApplicationSupportsIndirectInputEvents = YES;
				INFOPLIST_KEY_UILaunchStoryboardName = LaunchScreen;
				INFOPLIST_KEY_UIMainStoryboardFile = Main;
				INFOPLIST_KEY_UISupportedInterfaceOrientations_iPad = "UIInterfaceOrientationPortrait UIInterfaceOrientationPortraitUpsideDown UIInterfaceOrientationLandscapeLeft UIInterfaceOrientationLandscapeRight";
				INFOPLIST_KEY_UISupportedInterfaceOrientations_iPhone = "UIInterfaceOrientationPortrait UIInterfaceOrientationLandscapeLeft UIInterfaceOrientationLandscapeRight";
				LD_RUNPATH_SEARCH_PATHS = (
					"$(inherited)",
					"@executable_path/Frameworks",
				);
				MARKETING_VERSION = 1.0;
				PRODUCT_BUNDLE_IDENTIFIER = "com.new.demo.Md-Asif-Nawaz-30018";
				PRODUCT_NAME = "$(TARGET_NAME)";
				SWIFT_EMIT_LOC_STRINGS = YES;
				SWIFT_VERSION = 5.0;
				TARGETED_DEVICE_FAMILY = "1,2";
			};
			name = Release;
		};
/* End XCBuildConfiguration section */

/* Begin XCConfigurationList section */
		89DE23DE2967CA5E00FE1852 /* Build configuration list for PBXProject "Md Asif Nawaz 30018" */ = {
			isa = XCConfigurationList;
			buildConfigurations = (
				89DE23F82967CA5E00FE1852 /* Debug */,
				89DE23F92967CA5E00FE1852 /* Release */,
			);
			defaultConfigurationIsVisible = 0;
			defaultConfigurationName = Release;
		};
		89DE23FA2967CA5E00FE1852 /* Build configuration list for PBXNativeTarget "Md Asif Nawaz 30018" */ = {
			isa = XCConfigurationList;
			buildConfigurations = (
				89DE23FB2967CA5E00FE1852 /* Debug */,
				89DE23FC2967CA5E00FE1852 /* Release */,
			);
			defaultConfigurationIsVisible = 0;
			defaultConfigurationName = Release;
		};
/* End XCConfigurationList section */

/* Begin XCVersionGroup section */
		89DE23EF2967CA5E00FE1852 /* Md_Asif_Nawaz_30018.xcdatamodeld */ = {
			isa = XCVersionGroup;
			children = (
				89DE23F02967CA5E00FE1852 /* Md_Asif_Nawaz_30018.xcdatamodel */,
			);
			currentVersion = 89DE23F02967CA5E00FE1852 /* Md_Asif_Nawaz_30018.xcdatamodel */;
			path = Md_Asif_Nawaz_30018.xcdatamodeld;
			sourceTree = "<group>";
			versionGroupType = wrapper.xcdatamodel;
		};
/* End XCVersionGroup section */
	};
	rootObject = 89DE23DB2967CA5E00FE1852 /* Project object */;
}
